// !$*UTF8*$!
{
	archiveVersion = 1;
	classes = {
	};
	objectVersion = 55;
	objects = {

/* Begin PBXBuildFile section */
		00EB51138017D941E571B403 /* INDSStyledButtonView.swift in Sources */ = {isa = PBXBuildFile; fileRef = 47FA73DBFA559D00E0B78D2C /* INDSStyledButtonView.swift */; };
		014BF8198EEABF6225780838 /* 7zCrcOpt.c in Sources */ = {isa = PBXBuildFile; fileRef = 4641BA678622C68C1CF4D729 /* 7zCrcOpt.c */; };
		0367714089D07BB2950DA10D /* ProGateAlert.swift in Sources */ = {isa = PBXBuildFile; fileRef = 5E569373EE67A3734E26866C /* ProGateAlert.swift */; };
		078BDDFC210C6D1458DB1791 /* LzmaDec.c in Sources */ = {isa = PBXBuildFile; fileRef = 1184D5CE5CBBFA375DADE64D /* LzmaDec.c */; };
		0ABD704090B6C490DFE92A7B /* 7zBuf.c in Sources */ = {isa = PBXBuildFile; fileRef = A2BAB440FAF621E1857D36A6 /* 7zBuf.c */; };
		0CBD536C491811904F34EB9F /* INDSButtonStyle.swift in Sources */ = {isa = PBXBuildFile; fileRef = B4E6BCDFFB9BA55C5E8E9C0D /* INDSButtonStyle.swift */; };
		0D188A982B9012CEC33A1A60 /* Bra86.c in Sources */ = {isa = PBXBuildFile; fileRef = 43BDA80E44199C5D5F771072 /* Bra86.c */; };
		0F1DB859AD024577C66B60C0 /* ROMListViewModel.swift in Sources */ = {isa = PBXBuildFile; fileRef = 12BFD3480A8B6F3479DFB063 /* ROMListViewModel.swift */; };
		0FD3EE37A132F300E131806D /* THIRD_PARTY.md in Resources */ = {isa = PBXBuildFile; fileRef = B5F4E073693E71160ED123DC /* THIRD_PARTY.md */; };
		1451342316B194B030DE476F /* INDSSaveBackup.swift in Sources */ = {isa = PBXBuildFile; fileRef = 32C0FFF68243287F7F37E105 /* INDSSaveBackup.swift */; };
		14D5D7924C8CBA1EEB6FC7E7 /* ROMIconStore.swift in Sources */ = {isa = PBXBuildFile; fileRef = 713DD5B57D680F322DBF3CCE /* ROMIconStore.swift */; };
		19426B550FCCCFE9D3CDB27F /* INDSAudioPreferences.swift in Sources */ = {isa = PBXBuildFile; fileRef = 55AF19BE6740F2C40E41E8C1 /* INDSAudioPreferences.swift */; };
		1EA52A8FFAC48E034AB4AFA5 /* ScreenshotTests.swift in Sources */ = {isa = PBXBuildFile; fileRef = A1FB81B6B4E3569968180C9B /* ScreenshotTests.swift */; };
		214E57C446117905DC55A34C /* INDSLayoutEditorView.swift in Sources */ = {isa = PBXBuildFile; fileRef = F9F8482D02C6F7598A67CE0D /* INDSLayoutEditorView.swift */; };
		22B1D937B8B434AFF81888F3 /* INDSTurboPreferences.swift in Sources */ = {isa = PBXBuildFile; fileRef = 832C9E7B82057B4070014001 /* INDSTurboPreferences.swift */; };
		236113C7282633A9A01C17E6 /* ROMGridCell.swift in Sources */ = {isa = PBXBuildFile; fileRef = AC98B95B098222B202A26D90 /* ROMGridCell.swift */; };
		24EF2321ACC91FAA0E3B9F44 /* unzip.c in Sources */ = {isa = PBXBuildFile; fileRef = CDA5E0F40B465E480ED7B8C5 /* unzip.c */; };
		2701C1F0A9B6ED6A9676D847 /* INDSLaunchFlags.swift in Sources */ = {isa = PBXBuildFile; fileRef = A16BBD6076B0776B809C6E9E /* INDSLaunchFlags.swift */; };
		27E5E1EBA9813FB25B849B49 /* SettingsView.swift in Sources */ = {isa = PBXBuildFile; fileRef = 4DEA93C3FDBA79FF93973F3E /* SettingsView.swift */; };
		2917722F9FF00C876BCEFD05 /* INDSControllerMappingStore.swift in Sources */ = {isa = PBXBuildFile; fileRef = 98C14F820A6FF3E4C6856995 /* INDSControllerMappingStore.swift */; };
		291E6DFA3565DF954FB15656 /* INDSHaptics.swift in Sources */ = {isa = PBXBuildFile; fileRef = 1313CF93EAE709E247482B5F /* INDSHaptics.swift */; };
		2C2C4C6936F9381033E8FDE5 /* ROMIconView.swift in Sources */ = {isa = PBXBuildFile; fileRef = 63915A9A489BD4B09B48A302 /* ROMIconView.swift */; };
		2D780836C2FC294DA4A5243B /* PurchaseModel.swift in Sources */ = {isa = PBXBuildFile; fileRef = 30268FE4D70D96B8CF41C601 /* PurchaseModel.swift */; };
		30F969EADB6CDF8F5D0EA452 /* ControlsSettingsView.swift in Sources */ = {isa = PBXBuildFile; fileRef = 59C6AF4A1F010932AAE0AA51 /* ControlsSettingsView.swift */; };
		3793453687AB2CC9240944CC /* NDSHUDView.swift in Sources */ = {isa = PBXBuildFile; fileRef = FB1C57307F331CA0E3899717 /* NDSHUDView.swift */; };
		38E6254E91F50DE3F94B4420 /* 7zAlloc.c in Sources */ = {isa = PBXBuildFile; fileRef = CD26D49C7D799C6EC6ADA193 /* 7zAlloc.c */; };
		3A099795E239CE85F4370327 /* INDSControllerLayout.swift in Sources */ = {isa = PBXBuildFile; fileRef = 9BF3E35B4AF0768257272A8C /* INDSControllerLayout.swift */; };
		3AE2BA96ABD0AA0349B38390 /* Bcj2.c in Sources */ = {isa = PBXBuildFile; fileRef = BDACB16860CF2ECC472174B0 /* Bcj2.c */; };
		3BE2C9CA7F82A80484ED1B7D /* INDSExternalDisplayController.swift in Sources */ = {isa = PBXBuildFile; fileRef = D184CCFAD11337DDD6EDB5D6 /* INDSExternalDisplayController.swift */; };
		3CCBB0C95D9AE10FD70361A9 /* ROMStorageManager.swift in Sources */ = {isa = PBXBuildFile; fileRef = E97C9863C3B2A57CED6BEE5A /* ROMStorageManager.swift */; };
		3D3B0A26D0B02C4A5A220F1F /* ButtonMappingView.swift in Sources */ = {isa = PBXBuildFile; fileRef = AC2ED674FBDC904651E8EA9E /* ButtonMappingView.swift */; };
		3D6FB82EF1A333E5C861AA5D /* NDSControllerView.swift in Sources */ = {isa = PBXBuildFile; fileRef = 78B94CC3CA4E14AB95B77C0D /* NDSControllerView.swift */; };
		3FE90FF42DA9227EB7788FA5 /* ROMFile.swift in Sources */ = {isa = PBXBuildFile; fileRef = 5341F365B8B21AF49BE96BF2 /* ROMFile.swift */; };
		43009A216F4446044F37DDBD /* NDSGzExtractor.swift in Sources */ = {isa = PBXBuildFile; fileRef = A531BBE90CE99F4EE7E4E667 /* NDSGzExtractor.swift */; };
		436EACDB2A7892B696B74D93 /* INDSButtonStyleEditorSheet.swift in Sources */ = {isa = PBXBuildFile; fileRef = A1D0F4AF234EC8156F1005DF /* INDSButtonStyleEditorSheet.swift */; };
		447D3D301F20D68074AF71E6 /* NDSPauseMenuHostingController.swift in Sources */ = {isa = PBXBuildFile; fileRef = 9E1426594998684043BCF3F3 /* NDSPauseMenuHostingController.swift */; };
		4754D21C87E3F2B790AB0C36 /* NDSRomViewController.swift in Sources */ = {isa = PBXBuildFile; fileRef = 735843C4C8E17E1C9A4F95D1 /* NDSRomViewController.swift */; };
		4BD9C7FF57E7383860DB7BAD /* INDSMotion.swift in Sources */ = {isa = PBXBuildFile; fileRef = 7902A93230922C4CF8A04C1A /* INDSMotion.swift */; };
		5019F63D36D6E35C60108C83 /* 7zDec.c in Sources */ = {isa = PBXBuildFile; fileRef = D8040537B258B60012CDFCD7 /* 7zDec.c */; };
		52D498069F3063FE74554E5F /* Constants.swift in Sources */ = {isa = PBXBuildFile; fileRef = 4FB794617CC7C8E276AF1D9B /* Constants.swift */; };
		5353E6DF47A6DF31EBA37F2C /* INDSBatterySaverPreferences.swift in Sources */ = {isa = PBXBuildFile; fileRef = FAD05AFAE55CBF5AB70870F2 /* INDSBatterySaverPreferences.swift */; };
		55892B949B94E49AC5CB9F89 /* Sz7zShim.c in Sources */ = {isa = PBXBuildFile; fileRef = 3C671B34D75660A6AEE56EB8 /* Sz7zShim.c */; };
		563283092891F08332158D62 /* DSDualScreenView.swift in Sources */ = {isa = PBXBuildFile; fileRef = 567D81E1C1BE496C8A347266 /* DSDualScreenView.swift */; };
		56E0DCC07974F2D9A4B8BB82 /* EmulationView.swift in Sources */ = {isa = PBXBuildFile; fileRef = 4FE0176C947E721C4B89E0F9 /* EmulationView.swift */; };
		5C181F43F1279BAB2034B2D3 /* 7zFile.c in Sources */ = {isa = PBXBuildFile; fileRef = E465158ABA0236E3E733D0DB /* 7zFile.c */; };
		669D16C6D78FBA89E44FA99F /* AppDelegate.swift in Sources */ = {isa = PBXBuildFile; fileRef = A991E1D084A864C4E5992455 /* AppDelegate.swift */; };
		6C1D219A0E653B33A7D64828 /* AboutSettingsView.swift in Sources */ = {isa = PBXBuildFile; fileRef = C83D949A90A580DED9DB96AA /* AboutSettingsView.swift */; };
		6E815950B0A142F228E374DB /* INDSControllerLayoutManager.swift in Sources */ = {isa = PBXBuildFile; fileRef = A37EA795881E2A9F9594CF48 /* INDSControllerLayoutManager.swift */; };
		6ED22653E0E51DEEBB2356E4 /* ROMDetailView.swift in Sources */ = {isa = PBXBuildFile; fileRef = 00AE2312801B73F7EE221E73 /* ROMDetailView.swift */; };
		71710BF31E7AC520C4699397 /* Lzma2Dec.c in Sources */ = {isa = PBXBuildFile; fileRef = C6773641AFE7D4CDAF9BB347 /* Lzma2Dec.c */; };
		7203C48B084BEBED695BDEF9 /* INDSDPadShapeView.swift in Sources */ = {isa = PBXBuildFile; fileRef = A15F4158DDF71AEEA98604CB /* INDSDPadShapeView.swift */; };
		735CD9D048FA52CDA463D85C /* INDSLayoutSweep.swift in Sources */ = {isa = PBXBuildFile; fileRef = BB124E8593E5A3AAB1CF4180 /* INDSLayoutSweep.swift */; };
		751B7FDBA18FCED2565DA0ED /* ioapi.c in Sources */ = {isa = PBXBuildFile; fileRef = 2999805555B0E26E258294DF /* ioapi.c */; };
		7931CA5BDCA3E80CBC9D48B1 /* NDS7zExtractor.swift in Sources */ = {isa = PBXBuildFile; fileRef = E12A62F5C9F22C04CE3280B8 /* NDS7zExtractor.swift */; };
		79FD4B0953BCC2FD895C874E /* INDSMPLoopback.mm in Sources */ = {isa = PBXBuildFile; fileRef = B7219F8FE31A771BB55DFB19 /* INDSMPLoopback.mm */; };
		7A2678E8E37D9C3A005F8BA9 /* PurchaseManager.swift in Sources */ = {isa = PBXBuildFile; fileRef = BE01AC7366341C63635ABDBE /* PurchaseManager.swift */; };
		7B1E1CBB61109D50A63940EB /* INDSVirtualJoystickView.swift in Sources */ = {isa = PBXBuildFile; fileRef = C6DCA18030F130D82ADE4548 /* INDSVirtualJoystickView.swift */; };
		7E3715233611CE0332E78840 /* NDSRomViewWrapper.swift in Sources */ = {isa = PBXBuildFile; fileRef = 1A463E15BE246EAEF8ABDCE4 /* NDSRomViewWrapper.swift */; };
		805E2E8D858FEA502F906660 /* NDSSaveStatePaths.swift in Sources */ = {isa = PBXBuildFile; fileRef = 2A757FCC5A34401D5FA7E158 /* NDSSaveStatePaths.swift */; };
		80FC19CE8083CED129A04FEC /* ROMClassicCell.swift in Sources */ = {isa = PBXBuildFile; fileRef = A40D6EB2FD5B26FD67797B60 /* ROMClassicCell.swift */; };
		81BB5FA2CAD3ACA7E6286302 /* NDSCheatsView.swift in Sources */ = {isa = PBXBuildFile; fileRef = 7CED5D6BD8B64A4776064716 /* NDSCheatsView.swift */; };
		81DD184AEA2B796D8804ED4E /* CpuArch.c in Sources */ = {isa = PBXBuildFile; fileRef = BEB5624AA1E29AD0ED68BE75 /* CpuArch.c */; };
		83F0A97197B8BEAC7431E865 /* INDSPerGameProfileStore.swift in Sources */ = {isa = PBXBuildFile; fileRef = EAA6D5088978BB263540A7A8 /* INDSPerGameProfileStore.swift */; };
		8501D2E4230B8227244B33CC /* Localizable.xcstrings in Resources */ = {isa = PBXBuildFile; fileRef = B789BA70623CD927FED9DB1F /* Localizable.xcstrings */; };
		85264C5F012C01E964450C72 /* GPLv3.txt in Resources */ = {isa = PBXBuildFile; fileRef = A11141D9BAF13505EF53AF5E /* GPLv3.txt */; };
		866D03E5363F2629576DC2A8 /* BIOSManager.swift in Sources */ = {isa = PBXBuildFile; fileRef = FC975E99F30A6478407D804D /* BIOSManager.swift */; };
		8A18C5D209F8DB2485DF3422 /* ProfileSettingsView.swift in Sources */ = {isa = PBXBuildFile; fileRef = E3FE82B2663ADE6894F327DB /* ProfileSettingsView.swift */; };
		8C058B05EB5A872CA1B7D1E8 /* SavingSettingsView.swift in Sources */ = {isa = PBXBuildFile; fileRef = 8909A1957DA2CE7DD6C24E48 /* SavingSettingsView.swift */; };
		8C815AE8E50E83F08DAE233A /* INDSGamepadManager.swift in Sources */ = {isa = PBXBuildFile; fileRef = ECBBEE702CB715FEE662A096 /* INDSGamepadManager.swift */; };
		8D6DB4270D99C1BED1AFF0A5 /* Notification+Names.swift in Sources */ = {isa = PBXBuildFile; fileRef = 2E55426D1400B9517D4B9755 /* Notification+Names.swift */; };
		8DBF4BFC4DE61BF985550F23 /* NOTICES.txt in Resources */ = {isa = PBXBuildFile; fileRef = 4FF202E13D8BAA3947A37FC2 /* NOTICES.txt */; };
		8FD34C6471E67D87EBDDDF81 /* 7zArcIn.c in Sources */ = {isa = PBXBuildFile; fileRef = 44497849F70DBBB6CB1AC685 /* 7zArcIn.c */; };
		900D59A822F56C2E53B3C24F /* BIOSSetupView.swift in Sources */ = {isa = PBXBuildFile; fileRef = 0CB281A6629714C604286E2F /* BIOSSetupView.swift */; };
		938D8A2423FA8CCA7E67E3ED /* NDSHeader.swift in Sources */ = {isa = PBXBuildFile; fileRef = 76E7016BB1B280EC4B4EF169 /* NDSHeader.swift */; };
		951CBA995A5BF2A1918ACCA5 /* AppearanceSettingsView.swift in Sources */ = {isa = PBXBuildFile; fileRef = 0A3BCE58A586A486147D93F9 /* AppearanceSettingsView.swift */; };
		9608F0EAFDF1A987E12EFB60 /* ScreensSettingsView.swift in Sources */ = {isa = PBXBuildFile; fileRef = DE5A1654FBF63E78AD0A4A90 /* ScreensSettingsView.swift */; };
		96EF72713AFF973A4C687E06 /* BraIA64.c in Sources */ = {isa = PBXBuildFile; fileRef = E517FE7C9A79C0E99662E49A /* BraIA64.c */; };
		97185BD199CA510DA4CD9E3B /* INDSKeyboardManager.swift in Sources */ = {isa = PBXBuildFile; fileRef = 17F4D38E6C3CD27C005C5AC0 /* INDSKeyboardManager.swift */; };
		A2A9FAED6CDE3FE3EB011110 /* 7zCrc.c in Sources */ = {isa = PBXBuildFile; fileRef = B4B2F616B4DA20E61FFAB807 /* 7zCrc.c */; };
		A7FD93EC1DD923F855AD87C5 /* LicensesView.swift in Sources */ = {isa = PBXBuildFile; fileRef = 66093551E57D7F2366017F2E /* LicensesView.swift */; };
		A9655D665D23578FAC99F041 /* INDSSavingPreferences.swift in Sources */ = {isa = PBXBuildFile; fileRef = 49D337D1C81BF653BCDBE43A /* INDSSavingPreferences.swift */; };
		AC60045162E58C9ECAB251C2 /* INDSMPTransport.mm in Sources */ = {isa = PBXBuildFile; fileRef = ED3F225A5EEE0994D14C26AE /* INDSMPTransport.mm */; };
		ADB3476806689E6547BE753B /* PurchaseProductDetails.swift in Sources */ = {isa = PBXBuildFile; fileRef = 5A8419AE9ABE89601263FE3A /* PurchaseProductDetails.swift */; };
		AFA7C3A4F52BC8FA3AB9C5EA /* 7zStream.c in Sources */ = {isa = PBXBuildFile; fileRef = CAE29EF2985114A2A2637956 /* 7zStream.c */; };
		B02B467150A889372451E36C /* WelcomeView.swift in Sources */ = {isa = PBXBuildFile; fileRef = BC8417730C667A846DFE82B3 /* WelcomeView.swift */; };
		B237F288461266B7C9722A71 /* AVFoundation.framework in Frameworks */ = {isa = PBXBuildFile; fileRef = 9C6AC301AF51F7752D43F4A3 /* AVFoundation.framework */; };
		B6A51518B1575505093E29FF /* NDSSaveStateSlotsView.swift in Sources */ = {isa = PBXBuildFile; fileRef = 6AF4B43544BFE7B25FCE44A4 /* NDSSaveStateSlotsView.swift */; };
		BAFEFD231C0D3E3837FA20A0 /* SplashScreenView.swift in Sources */ = {isa = PBXBuildFile; fileRef = F2A1493B6F6FCC13277DA166 /* SplashScreenView.swift */; };
		BBD8B89C4F8C5995C498D14E /* NDSClipRecorder.swift in Sources */ = {isa = PBXBuildFile; fileRef = 9B9E4E9A366E85DEDD1503FB /* NDSClipRecorder.swift */; };
		C0188919BBEB81A154527FAA /* LaunchScreen.storyboard in Resources */ = {isa = PBXBuildFile; fileRef = B79114A85DE92146A92D33E8 /* LaunchScreen.storyboard */; };
		C255D295ABFF60D2571C01FF /* INDSConsolePreferences.swift in Sources */ = {isa = PBXBuildFile; fileRef = E702B9DB47C1592FC6A1B103 /* INDSConsolePreferences.swift */; };
		C7A5E1DE75AE11E83FA64F1B /* NDSZipExtractor.swift in Sources */ = {isa = PBXBuildFile; fileRef = 5B79A677DD13EC8EE25DB305 /* NDSZipExtractor.swift */; };
		C8C5A853CCA1CBA1A86423F7 /* ReplayKit.framework in Frameworks */ = {isa = PBXBuildFile; fileRef = 1364600AC006B7697D61E124 /* ReplayKit.framework */; };
		CAFC795486C5F8E42D5A0049 /* NDSCheat.swift in Sources */ = {isa = PBXBuildFile; fileRef = CE04371E0A508587EC8BD350 /* NDSCheat.swift */; };
		CBDE78B663229C673670C084 /* INDSRTCPreferences.swift in Sources */ = {isa = PBXBuildFile; fileRef = 1B3706BB5B202BDAD36D7642 /* INDSRTCPreferences.swift */; };
		CD79E23B69E8F5F626B28F42 /* DebugLog.swift in Sources */ = {isa = PBXBuildFile; fileRef = 46D8BE41E3A39F7CDAF9019E /* DebugLog.swift */; };
		D0E0DC9C0D4D96AC7A7F77C0 /* INDSAppearanceStore.swift in Sources */ = {isa = PBXBuildFile; fileRef = 2D994BD3D0CC29A8C3FB3D6F /* INDSAppearanceStore.swift */; };
		D1398182C12DEC80174425FD /* UTType+NDS.swift in Sources */ = {isa = PBXBuildFile; fileRef = 7C380A3BC39CAD2A1065CC9C /* UTType+NDS.swift */; };
		D664FE85EEE0291E6EC13822 /* DSScreenLayout.swift in Sources */ = {isa = PBXBuildFile; fileRef = DBF11C643DEBCEA9B266202E /* DSScreenLayout.swift */; };
		D9B0F801F9673CDD43CA29CC /* DateTimeSettingsView.swift in Sources */ = {isa = PBXBuildFile; fileRef = B67C81FAB8D94A0F7F7780F8 /* DateTimeSettingsView.swift */; };
		DB6098C9A24BEEF6CA8F0195 /* BatterySettingsView.swift in Sources */ = {isa = PBXBuildFile; fileRef = 91C904010B7AD91405065430 /* BatterySettingsView.swift */; };
		DBD7B1D4152ADA397D360F59 /* Delta.c in Sources */ = {isa = PBXBuildFile; fileRef = A684EB48BA636E4B19D659D2 /* Delta.c */; };
		DC60AC19B8E9B3E1F6C7AD5B /* MelonDSCoreBridge.mm in Sources */ = {isa = PBXBuildFile; fileRef = 32C1EAFD1973E8DC394CBA48 /* MelonDSCoreBridge.mm */; };
		DFB2E2F7FA097D6820428E50 /* INDSHoneymoon.swift in Sources */ = {isa = PBXBuildFile; fileRef = FE3A407B35815197407A6DED /* INDSHoneymoon.swift */; };
		E2DE0E3575049A1D87DBDF04 /* eNDSApp.swift in Sources */ = {isa = PBXBuildFile; fileRef = 6D0BF3C246ADD1320E8093E9 /* eNDSApp.swift */; };
		E59DB91FEE81C39126D2A503 /* NDSPauseMenuView.swift in Sources */ = {isa = PBXBuildFile; fileRef = A05B67B804AF8364378F0D0C /* NDSPauseMenuView.swift */; };
		E9F4C2A0564C0BB12D50E3F2 /* PurchaseView.swift in Sources */ = {isa = PBXBuildFile; fileRef = F1127BEA433B1763B37E5422 /* PurchaseView.swift */; };
		EBC08725663852E898679092 /* INDSReviewPrompt.swift in Sources */ = {isa = PBXBuildFile; fileRef = CC4835B34D3B09CECA59BB7C /* INDSReviewPrompt.swift */; };
		EC3EDBE4257E367611F184FF /* ContentView.swift in Sources */ = {isa = PBXBuildFile; fileRef = 2479AA705600481AC8E068A6 /* ContentView.swift */; };
		ED9775610FE620C037F3EBE0 /* ROMListView.swift in Sources */ = {isa = PBXBuildFile; fileRef = 74336AADBA8EFD1E5EB9EB00 /* ROMListView.swift */; };
		EE772FF6DB386ECE13ECF407 /* AudioSettingsView.swift in Sources */ = {isa = PBXBuildFile; fileRef = 694F451CBABBB3B76AB6436A /* AudioSettingsView.swift */; };
		EF155704CE31A86A541E0B20 /* NDSDisplayFilter.swift in Sources */ = {isa = PBXBuildFile; fileRef = 3AA49210A86CF7CAD350D5D8 /* NDSDisplayFilter.swift */; };
		F26E31472DFED6AE670C6CB5 /* EntitlementManager.swift in Sources */ = {isa = PBXBuildFile; fileRef = 98950CA5D27B39AB88DE84E4 /* EntitlementManager.swift */; };
		F3F902CB4DD04E3BF75AC1C7 /* PrivacyInfo.xcprivacy in Resources */ = {isa = PBXBuildFile; fileRef = 983804A16F3F6D204E8E2666 /* PrivacyInfo.xcprivacy */; };
		F4FF213E54F2C25609FFEBDD /* TuistAssets+ENDS.swift in Sources */ = {isa = PBXBuildFile; fileRef = D35C709888F71280574511B9 /* TuistAssets+ENDS.swift */; };
		F5C2A862773F40D053B5D99D /* InfoPlist.xcstrings in Resources */ = {isa = PBXBuildFile; fileRef = 69EED5FB442C79C67F3A2C99 /* InfoPlist.xcstrings */; };
		F61DA6458086F1A05AF9DE14 /* ThumbnailManager.swift in Sources */ = {isa = PBXBuildFile; fileRef = 33603FF8DD00E3267B32D50D /* ThumbnailManager.swift */; };
		F621AC947EFA3C4EF1449298 /* NDSBanner.swift in Sources */ = {isa = PBXBuildFile; fileRef = 30EEA800CC5C65C0F8242B34 /* NDSBanner.swift */; };
		F87977C63064A7657A1F9D60 /* INDSBackgroundSkinStore.swift in Sources */ = {isa = PBXBuildFile; fileRef = D17D4BD373B8C7BAE4E63975 /* INDSBackgroundSkinStore.swift */; };
		F91F12C15C6A9E0B7D28A39C /* TuistBundle+ENDS.swift in Sources */ = {isa = PBXBuildFile; fileRef = 33A7976503C72801E12D5B07 /* TuistBundle+ENDS.swift */; };
		FA4A12CBF8A66A00D178CE8F /* INDSVisualSweep.swift in Sources */ = {isa = PBXBuildFile; fileRef = 7B65064657F95120CC6FE300 /* INDSVisualSweep.swift */; };
		FC6758D8808AE665504E02C3 /* Bra.c in Sources */ = {isa = PBXBuildFile; fileRef = DCDD22163D73BED3D91DA98A /* Bra.c */; };
		FF031F0B6CA360423440F38B /* Assets.xcassets in Resources */ = {isa = PBXBuildFile; fileRef = 8EBC2B6BCAE919D63D3BF3FB /* Assets.xcassets */; };
/* End PBXBuildFile section */

/* Begin PBXContainerItemProxy section */
		106B31FC95BD78D0CB630835 /* PBXContainerItemProxy */ = {
			isa = PBXContainerItemProxy;
			containerPortal = 25DCB86552D9213497C09A73 /* Project object */;
			proxyType = 1;
			remoteGlobalIDString = B3F7D594B8BC6915E9BD0E78;
			remoteInfo = eNDS;
		};
/* End PBXContainerItemProxy section */

/* Begin PBXCopyFilesBuildPhase section */
		21124A6B3C8127FD962592A8 /* Embed Frameworks */ = {
			isa = PBXCopyFilesBuildPhase;
			buildActionMask = 2147483647;
			dstPath = "";
			dstSubfolderSpec = 10;
			files = (
			);
			name = "Embed Frameworks";
			runOnlyForDeploymentPostprocessing = 0;
		};
		4CB2D907E56211F2244D7645 /* Embed Frameworks */ = {
			isa = PBXCopyFilesBuildPhase;
			buildActionMask = 2147483647;
			dstPath = "";
			dstSubfolderSpec = 10;
			files = (
			);
			name = "Embed Frameworks";
			runOnlyForDeploymentPostprocessing = 0;
		};
/* End PBXCopyFilesBuildPhase section */

/* Begin PBXFileReference section */
		00AE2312801B73F7EE221E73 /* ROMDetailView.swift */ = {isa = PBXFileReference; lastKnownFileType = sourcecode.swift; path = ROMDetailView.swift; sourceTree = "<group>"; };
		0A3BCE58A586A486147D93F9 /* AppearanceSettingsView.swift */ = {isa = PBXFileReference; lastKnownFileType = sourcecode.swift; path = AppearanceSettingsView.swift; sourceTree = "<group>"; };
		0B2E9E846C1F5E2D0BE567F6 /* eNDS.app */ = {isa = PBXFileReference; explicitFileType = wrapper.application; includeInIndex = 0; path = eNDS.app; sourceTree = BUILT_PRODUCTS_DIR; };
		0CB281A6629714C604286E2F /* BIOSSetupView.swift */ = {isa = PBXFileReference; lastKnownFileType = sourcecode.swift; path = BIOSSetupView.swift; sourceTree = "<group>"; };
		1184D5CE5CBBFA375DADE64D /* LzmaDec.c */ = {isa = PBXFileReference; lastKnownFileType = sourcecode.c.c; path = LzmaDec.c; sourceTree = "<group>"; };
		12BFD3480A8B6F3479DFB063 /* ROMListViewModel.swift */ = {isa = PBXFileReference; lastKnownFileType = sourcecode.swift; path = ROMListViewModel.swift; sourceTree = "<group>"; };
		1313CF93EAE709E247482B5F /* INDSHaptics.swift */ = {isa = PBXFileReference; lastKnownFileType = sourcecode.swift; path = INDSHaptics.swift; sourceTree = "<group>"; };
		1364600AC006B7697D61E124 /* ReplayKit.framework */ = {isa = PBXFileReference; lastKnownFileType = wrapper.framework; name = ReplayKit.framework; path = Platforms/iPhoneOS.platform/Developer/SDKs/iPhoneOS.sdk/System/Library/Frameworks/ReplayKit.framework; sourceTree = DEVELOPER_DIR; };
		17F4D38E6C3CD27C005C5AC0 /* INDSKeyboardManager.swift */ = {isa = PBXFileReference; lastKnownFileType = sourcecode.swift; path = INDSKeyboardManager.swift; sourceTree = "<group>"; };
		19D1170BD7F7A6E584F98A27 /* INDSScreenshots.xctest */ = {isa = PBXFileReference; explicitFileType = wrapper.cfbundle; includeInIndex = 0; path = INDSScreenshots.xctest; sourceTree = BUILT_PRODUCTS_DIR; };
		1A463E15BE246EAEF8ABDCE4 /* NDSRomViewWrapper.swift */ = {isa = PBXFileReference; lastKnownFileType = sourcecode.swift; path = NDSRomViewWrapper.swift; sourceTree = "<group>"; };
		1B3706BB5B202BDAD36D7642 /* INDSRTCPreferences.swift */ = {isa = PBXFileReference; lastKnownFileType = sourcecode.swift; path = INDSRTCPreferences.swift; sourceTree = "<group>"; };
		2479AA705600481AC8E068A6 /* ContentView.swift */ = {isa = PBXFileReference; lastKnownFileType = sourcecode.swift; path = ContentView.swift; sourceTree = "<group>"; };
		2999805555B0E26E258294DF /* ioapi.c */ = {isa = PBXFileReference; lastKnownFileType = sourcecode.c.c; path = ioapi.c; sourceTree = "<group>"; };
		2A757FCC5A34401D5FA7E158 /* NDSSaveStatePaths.swift */ = {isa = PBXFileReference; lastKnownFileType = sourcecode.swift; path = NDSSaveStatePaths.swift; sourceTree = "<group>"; };
		2D994BD3D0CC29A8C3FB3D6F /* INDSAppearanceStore.swift */ = {isa = PBXFileReference; lastKnownFileType = sourcecode.swift; path = INDSAppearanceStore.swift; sourceTree = "<group>"; };
		2E55426D1400B9517D4B9755 /* Notification+Names.swift */ = {isa = PBXFileReference; lastKnownFileType = sourcecode.swift; path = "Notification+Names.swift"; sourceTree = "<group>"; };
		30268FE4D70D96B8CF41C601 /* PurchaseModel.swift */ = {isa = PBXFileReference; lastKnownFileType = sourcecode.swift; path = PurchaseModel.swift; sourceTree = "<group>"; };
		30EEA800CC5C65C0F8242B34 /* NDSBanner.swift */ = {isa = PBXFileReference; lastKnownFileType = sourcecode.swift; path = NDSBanner.swift; sourceTree = "<group>"; };
		32C0FFF68243287F7F37E105 /* INDSSaveBackup.swift */ = {isa = PBXFileReference; lastKnownFileType = sourcecode.swift; path = INDSSaveBackup.swift; sourceTree = "<group>"; };
		32C1EAFD1973E8DC394CBA48 /* MelonDSCoreBridge.mm */ = {isa = PBXFileReference; lastKnownFileType = sourcecode.cpp.objcpp; path = MelonDSCoreBridge.mm; sourceTree = "<group>"; };
		33603FF8DD00E3267B32D50D /* ThumbnailManager.swift */ = {isa = PBXFileReference; lastKnownFileType = sourcecode.swift; path = ThumbnailManager.swift; sourceTree = "<group>"; };
		33A7976503C72801E12D5B07 /* TuistBundle+ENDS.swift */ = {isa = PBXFileReference; lastKnownFileType = sourcecode.swift; path = "TuistBundle+ENDS.swift"; sourceTree = "<group>"; };
		3AA49210A86CF7CAD350D5D8 /* NDSDisplayFilter.swift */ = {isa = PBXFileReference; lastKnownFileType = sourcecode.swift; path = NDSDisplayFilter.swift; sourceTree = "<group>"; };
		3C671B34D75660A6AEE56EB8 /* Sz7zShim.c */ = {isa = PBXFileReference; lastKnownFileType = sourcecode.c.c; path = Sz7zShim.c; sourceTree = "<group>"; };
		43BDA80E44199C5D5F771072 /* Bra86.c */ = {isa = PBXFileReference; lastKnownFileType = sourcecode.c.c; path = Bra86.c; sourceTree = "<group>"; };
		44497849F70DBBB6CB1AC685 /* 7zArcIn.c */ = {isa = PBXFileReference; lastKnownFileType = sourcecode.c.c; path = 7zArcIn.c; sourceTree = "<group>"; };
		4641BA678622C68C1CF4D729 /* 7zCrcOpt.c */ = {isa = PBXFileReference; lastKnownFileType = sourcecode.c.c; path = 7zCrcOpt.c; sourceTree = "<group>"; };
		46D8BE41E3A39F7CDAF9019E /* DebugLog.swift */ = {isa = PBXFileReference; lastKnownFileType = sourcecode.swift; path = DebugLog.swift; sourceTree = "<group>"; };
		47FA73DBFA559D00E0B78D2C /* INDSStyledButtonView.swift */ = {isa = PBXFileReference; lastKnownFileType = sourcecode.swift; path = INDSStyledButtonView.swift; sourceTree = "<group>"; };
		49D337D1C81BF653BCDBE43A /* INDSSavingPreferences.swift */ = {isa = PBXFileReference; lastKnownFileType = sourcecode.swift; path = INDSSavingPreferences.swift; sourceTree = "<group>"; };
		4DEA93C3FDBA79FF93973F3E /* SettingsView.swift */ = {isa = PBXFileReference; lastKnownFileType = sourcecode.swift; path = SettingsView.swift; sourceTree = "<group>"; };
		4FB794617CC7C8E276AF1D9B /* Constants.swift */ = {isa = PBXFileReference; lastKnownFileType = sourcecode.swift; path = Constants.swift; sourceTree = "<group>"; };
		4FE0176C947E721C4B89E0F9 /* EmulationView.swift */ = {isa = PBXFileReference; lastKnownFileType = sourcecode.swift; path = EmulationView.swift; sourceTree = "<group>"; };
		4FF202E13D8BAA3947A37FC2 /* NOTICES.txt */ = {isa = PBXFileReference; lastKnownFileType = text; path = NOTICES.txt; sourceTree = "<group>"; };
		5341F365B8B21AF49BE96BF2 /* ROMFile.swift */ = {isa = PBXFileReference; lastKnownFileType = sourcecode.swift; path = ROMFile.swift; sourceTree = "<group>"; };
		55AF19BE6740F2C40E41E8C1 /* INDSAudioPreferences.swift */ = {isa = PBXFileReference; lastKnownFileType = sourcecode.swift; path = INDSAudioPreferences.swift; sourceTree = "<group>"; };
		567D81E1C1BE496C8A347266 /* DSDualScreenView.swift */ = {isa = PBXFileReference; lastKnownFileType = sourcecode.swift; path = DSDualScreenView.swift; sourceTree = "<group>"; };
		59C6AF4A1F010932AAE0AA51 /* ControlsSettingsView.swift */ = {isa = PBXFileReference; lastKnownFileType = sourcecode.swift; path = ControlsSettingsView.swift; sourceTree = "<group>"; };
		5A8419AE9ABE89601263FE3A /* PurchaseProductDetails.swift */ = {isa = PBXFileReference; lastKnownFileType = sourcecode.swift; path = PurchaseProductDetails.swift; sourceTree = "<group>"; };
		5B79A677DD13EC8EE25DB305 /* NDSZipExtractor.swift */ = {isa = PBXFileReference; lastKnownFileType = sourcecode.swift; path = NDSZipExtractor.swift; sourceTree = "<group>"; };
		5E569373EE67A3734E26866C /* ProGateAlert.swift */ = {isa = PBXFileReference; lastKnownFileType = sourcecode.swift; path = ProGateAlert.swift; sourceTree = "<group>"; };
		63915A9A489BD4B09B48A302 /* ROMIconView.swift */ = {isa = PBXFileReference; lastKnownFileType = sourcecode.swift; path = ROMIconView.swift; sourceTree = "<group>"; };
		66093551E57D7F2366017F2E /* LicensesView.swift */ = {isa = PBXFileReference; lastKnownFileType = sourcecode.swift; path = LicensesView.swift; sourceTree = "<group>"; };
		694F451CBABBB3B76AB6436A /* AudioSettingsView.swift */ = {isa = PBXFileReference; lastKnownFileType = sourcecode.swift; path = AudioSettingsView.swift; sourceTree = "<group>"; };
		69EED5FB442C79C67F3A2C99 /* InfoPlist.xcstrings */ = {isa = PBXFileReference; lastKnownFileType = text.json.xcstrings; path = InfoPlist.xcstrings; sourceTree = "<group>"; };
		6AF4B43544BFE7B25FCE44A4 /* NDSSaveStateSlotsView.swift */ = {isa = PBXFileReference; lastKnownFileType = sourcecode.swift; path = NDSSaveStateSlotsView.swift; sourceTree = "<group>"; };
		6D0BF3C246ADD1320E8093E9 /* eNDSApp.swift */ = {isa = PBXFileReference; lastKnownFileType = sourcecode.swift; path = eNDSApp.swift; sourceTree = "<group>"; };
		713DD5B57D680F322DBF3CCE /* ROMIconStore.swift */ = {isa = PBXFileReference; lastKnownFileType = sourcecode.swift; path = ROMIconStore.swift; sourceTree = "<group>"; };
		735843C4C8E17E1C9A4F95D1 /* NDSRomViewController.swift */ = {isa = PBXFileReference; lastKnownFileType = sourcecode.swift; path = NDSRomViewController.swift; sourceTree = "<group>"; };
		74336AADBA8EFD1E5EB9EB00 /* ROMListView.swift */ = {isa = PBXFileReference; lastKnownFileType = sourcecode.swift; path = ROMListView.swift; sourceTree = "<group>"; };
		76E7016BB1B280EC4B4EF169 /* NDSHeader.swift */ = {isa = PBXFileReference; lastKnownFileType = sourcecode.swift; path = NDSHeader.swift; sourceTree = "<group>"; };
		78B94CC3CA4E14AB95B77C0D /* NDSControllerView.swift */ = {isa = PBXFileReference; lastKnownFileType = sourcecode.swift; path = NDSControllerView.swift; sourceTree = "<group>"; };
		7902A93230922C4CF8A04C1A /* INDSMotion.swift */ = {isa = PBXFileReference; lastKnownFileType = sourcecode.swift; path = INDSMotion.swift; sourceTree = "<group>"; };
		7B65064657F95120CC6FE300 /* INDSVisualSweep.swift */ = {isa = PBXFileReference; lastKnownFileType = sourcecode.swift; path = INDSVisualSweep.swift; sourceTree = "<group>"; };
		7C380A3BC39CAD2A1065CC9C /* UTType+NDS.swift */ = {isa = PBXFileReference; lastKnownFileType = sourcecode.swift; path = "UTType+NDS.swift"; sourceTree = "<group>"; };
		7CED5D6BD8B64A4776064716 /* NDSCheatsView.swift */ = {isa = PBXFileReference; lastKnownFileType = sourcecode.swift; path = NDSCheatsView.swift; sourceTree = "<group>"; };
		832C9E7B82057B4070014001 /* INDSTurboPreferences.swift */ = {isa = PBXFileReference; lastKnownFileType = sourcecode.swift; path = INDSTurboPreferences.swift; sourceTree = "<group>"; };
		8909A1957DA2CE7DD6C24E48 /* SavingSettingsView.swift */ = {isa = PBXFileReference; lastKnownFileType = sourcecode.swift; path = SavingSettingsView.swift; sourceTree = "<group>"; };
		8EBC2B6BCAE919D63D3BF3FB /* Assets.xcassets */ = {isa = PBXFileReference; lastKnownFileType = folder.assetcatalog; path = Assets.xcassets; sourceTree = "<group>"; };
		91C904010B7AD91405065430 /* BatterySettingsView.swift */ = {isa = PBXFileReference; lastKnownFileType = sourcecode.swift; path = BatterySettingsView.swift; sourceTree = "<group>"; };
		983804A16F3F6D204E8E2666 /* PrivacyInfo.xcprivacy */ = {isa = PBXFileReference; lastKnownFileType = text.xml; path = PrivacyInfo.xcprivacy; sourceTree = "<group>"; };
		98950CA5D27B39AB88DE84E4 /* EntitlementManager.swift */ = {isa = PBXFileReference; lastKnownFileType = sourcecode.swift; path = EntitlementManager.swift; sourceTree = "<group>"; };
		98C14F820A6FF3E4C6856995 /* INDSControllerMappingStore.swift */ = {isa = PBXFileReference; lastKnownFileType = sourcecode.swift; path = INDSControllerMappingStore.swift; sourceTree = "<group>"; };
		9B9E4E9A366E85DEDD1503FB /* NDSClipRecorder.swift */ = {isa = PBXFileReference; lastKnownFileType = sourcecode.swift; path = NDSClipRecorder.swift; sourceTree = "<group>"; };
		9BF3E35B4AF0768257272A8C /* INDSControllerLayout.swift */ = {isa = PBXFileReference; lastKnownFileType = sourcecode.swift; path = INDSControllerLayout.swift; sourceTree = "<group>"; };
		9C6AC301AF51F7752D43F4A3 /* AVFoundation.framework */ = {isa = PBXFileReference; lastKnownFileType = wrapper.framework; name = AVFoundation.framework; path = Platforms/iPhoneOS.platform/Developer/SDKs/iPhoneOS.sdk/System/Library/Frameworks/AVFoundation.framework; sourceTree = DEVELOPER_DIR; };
		9E1426594998684043BCF3F3 /* NDSPauseMenuHostingController.swift */ = {isa = PBXFileReference; lastKnownFileType = sourcecode.swift; path = NDSPauseMenuHostingController.swift; sourceTree = "<group>"; };
		A05B67B804AF8364378F0D0C /* NDSPauseMenuView.swift */ = {isa = PBXFileReference; lastKnownFileType = sourcecode.swift; path = NDSPauseMenuView.swift; sourceTree = "<group>"; };
		A11141D9BAF13505EF53AF5E /* GPLv3.txt */ = {isa = PBXFileReference; lastKnownFileType = text; path = GPLv3.txt; sourceTree = "<group>"; };
		A15F4158DDF71AEEA98604CB /* INDSDPadShapeView.swift */ = {isa = PBXFileReference; lastKnownFileType = sourcecode.swift; path = INDSDPadShapeView.swift; sourceTree = "<group>"; };
		A16BBD6076B0776B809C6E9E /* INDSLaunchFlags.swift */ = {isa = PBXFileReference; lastKnownFileType = sourcecode.swift; path = INDSLaunchFlags.swift; sourceTree = "<group>"; };
		A1D0F4AF234EC8156F1005DF /* INDSButtonStyleEditorSheet.swift */ = {isa = PBXFileReference; lastKnownFileType = sourcecode.swift; path = INDSButtonStyleEditorSheet.swift; sourceTree = "<group>"; };
		A1FB81B6B4E3569968180C9B /* ScreenshotTests.swift */ = {isa = PBXFileReference; lastKnownFileType = sourcecode.swift; path = ScreenshotTests.swift; sourceTree = "<group>"; };
		A2BAB440FAF621E1857D36A6 /* 7zBuf.c */ = {isa = PBXFileReference; lastKnownFileType = sourcecode.c.c; path = 7zBuf.c; sourceTree = "<group>"; };
		A37EA795881E2A9F9594CF48 /* INDSControllerLayoutManager.swift */ = {isa = PBXFileReference; lastKnownFileType = sourcecode.swift; path = INDSControllerLayoutManager.swift; sourceTree = "<group>"; };
		A40D6EB2FD5B26FD67797B60 /* ROMClassicCell.swift */ = {isa = PBXFileReference; lastKnownFileType = sourcecode.swift; path = ROMClassicCell.swift; sourceTree = "<group>"; };
		A531BBE90CE99F4EE7E4E667 /* NDSGzExtractor.swift */ = {isa = PBXFileReference; lastKnownFileType = sourcecode.swift; path = NDSGzExtractor.swift; sourceTree = "<group>"; };
		A684EB48BA636E4B19D659D2 /* Delta.c */ = {isa = PBXFileReference; lastKnownFileType = sourcecode.c.c; path = Delta.c; sourceTree = "<group>"; };
		A991E1D084A864C4E5992455 /* AppDelegate.swift */ = {isa = PBXFileReference; lastKnownFileType = sourcecode.swift; path = AppDelegate.swift; sourceTree = "<group>"; };
		AC2ED674FBDC904651E8EA9E /* ButtonMappingView.swift */ = {isa = PBXFileReference; lastKnownFileType = sourcecode.swift; path = ButtonMappingView.swift; sourceTree = "<group>"; };
		AC98B95B098222B202A26D90 /* ROMGridCell.swift */ = {isa = PBXFileReference; lastKnownFileType = sourcecode.swift; path = ROMGridCell.swift; sourceTree = "<group>"; };
		B4B2F616B4DA20E61FFAB807 /* 7zCrc.c */ = {isa = PBXFileReference; lastKnownFileType = sourcecode.c.c; path = 7zCrc.c; sourceTree = "<group>"; };
		B4E6BCDFFB9BA55C5E8E9C0D /* INDSButtonStyle.swift */ = {isa = PBXFileReference; lastKnownFileType = sourcecode.swift; path = INDSButtonStyle.swift; sourceTree = "<group>"; };
		B5F4E073693E71160ED123DC /* THIRD_PARTY.md */ = {isa = PBXFileReference; lastKnownFileType = net.daringfireball.markdown; path = THIRD_PARTY.md; sourceTree = "<group>"; };
		B67C81FAB8D94A0F7F7780F8 /* DateTimeSettingsView.swift */ = {isa = PBXFileReference; lastKnownFileType = sourcecode.swift; path = DateTimeSettingsView.swift; sourceTree = "<group>"; };
		B7219F8FE31A771BB55DFB19 /* INDSMPLoopback.mm */ = {isa = PBXFileReference; lastKnownFileType = sourcecode.cpp.objcpp; path = INDSMPLoopback.mm; sourceTree = "<group>"; };
		B789BA70623CD927FED9DB1F /* Localizable.xcstrings */ = {isa = PBXFileReference; lastKnownFileType = text.json.xcstrings; path = Localizable.xcstrings; sourceTree = "<group>"; };
		B79114A85DE92146A92D33E8 /* LaunchScreen.storyboard */ = {isa = PBXFileReference; lastKnownFileType = file.storyboard; path = LaunchScreen.storyboard; sourceTree = "<group>"; };
		BB124E8593E5A3AAB1CF4180 /* INDSLayoutSweep.swift */ = {isa = PBXFileReference; lastKnownFileType = sourcecode.swift; path = INDSLayoutSweep.swift; sourceTree = "<group>"; };
		BC8417730C667A846DFE82B3 /* WelcomeView.swift */ = {isa = PBXFileReference; lastKnownFileType = sourcecode.swift; path = WelcomeView.swift; sourceTree = "<group>"; };
		BDACB16860CF2ECC472174B0 /* Bcj2.c */ = {isa = PBXFileReference; lastKnownFileType = sourcecode.c.c; path = Bcj2.c; sourceTree = "<group>"; };
		BE01AC7366341C63635ABDBE /* PurchaseManager.swift */ = {isa = PBXFileReference; lastKnownFileType = sourcecode.swift; path = PurchaseManager.swift; sourceTree = "<group>"; };
		BEB5624AA1E29AD0ED68BE75 /* CpuArch.c */ = {isa = PBXFileReference; lastKnownFileType = sourcecode.c.c; path = CpuArch.c; sourceTree = "<group>"; };
		C6773641AFE7D4CDAF9BB347 /* Lzma2Dec.c */ = {isa = PBXFileReference; lastKnownFileType = sourcecode.c.c; path = Lzma2Dec.c; sourceTree = "<group>"; };
		C6DCA18030F130D82ADE4548 /* INDSVirtualJoystickView.swift */ = {isa = PBXFileReference; lastKnownFileType = sourcecode.swift; path = INDSVirtualJoystickView.swift; sourceTree = "<group>"; };
		C83D949A90A580DED9DB96AA /* AboutSettingsView.swift */ = {isa = PBXFileReference; lastKnownFileType = sourcecode.swift; path = AboutSettingsView.swift; sourceTree = "<group>"; };
		CAE29EF2985114A2A2637956 /* 7zStream.c */ = {isa = PBXFileReference; lastKnownFileType = sourcecode.c.c; path = 7zStream.c; sourceTree = "<group>"; };
		CC4835B34D3B09CECA59BB7C /* INDSReviewPrompt.swift */ = {isa = PBXFileReference; lastKnownFileType = sourcecode.swift; path = INDSReviewPrompt.swift; sourceTree = "<group>"; };
		CD26D49C7D799C6EC6ADA193 /* 7zAlloc.c */ = {isa = PBXFileReference; lastKnownFileType = sourcecode.c.c; path = 7zAlloc.c; sourceTree = "<group>"; };
		CDA5E0F40B465E480ED7B8C5 /* unzip.c */ = {isa = PBXFileReference; lastKnownFileType = sourcecode.c.c; path = unzip.c; sourceTree = "<group>"; };
		CE04371E0A508587EC8BD350 /* NDSCheat.swift */ = {isa = PBXFileReference; lastKnownFileType = sourcecode.swift; path = NDSCheat.swift; sourceTree = "<group>"; };
		D17D4BD373B8C7BAE4E63975 /* INDSBackgroundSkinStore.swift */ = {isa = PBXFileReference; lastKnownFileType = sourcecode.swift; path = INDSBackgroundSkinStore.swift; sourceTree = "<group>"; };
		D184CCFAD11337DDD6EDB5D6 /* INDSExternalDisplayController.swift */ = {isa = PBXFileReference; lastKnownFileType = sourcecode.swift; path = INDSExternalDisplayController.swift; sourceTree = "<group>"; };
		D35C709888F71280574511B9 /* TuistAssets+ENDS.swift */ = {isa = PBXFileReference; lastKnownFileType = sourcecode.swift; path = "TuistAssets+ENDS.swift"; sourceTree = "<group>"; };
		D8040537B258B60012CDFCD7 /* 7zDec.c */ = {isa = PBXFileReference; lastKnownFileType = sourcecode.c.c; path = 7zDec.c; sourceTree = "<group>"; };
		DBF11C643DEBCEA9B266202E /* DSScreenLayout.swift */ = {isa = PBXFileReference; lastKnownFileType = sourcecode.swift; path = DSScreenLayout.swift; sourceTree = "<group>"; };
		DCDD22163D73BED3D91DA98A /* Bra.c */ = {isa = PBXFileReference; lastKnownFileType = sourcecode.c.c; path = Bra.c; sourceTree = "<group>"; };
		DE5A1654FBF63E78AD0A4A90 /* ScreensSettingsView.swift */ = {isa = PBXFileReference; lastKnownFileType = sourcecode.swift; path = ScreensSettingsView.swift; sourceTree = "<group>"; };
		E12A62F5C9F22C04CE3280B8 /* NDS7zExtractor.swift */ = {isa = PBXFileReference; lastKnownFileType = sourcecode.swift; path = NDS7zExtractor.swift; sourceTree = "<group>"; };
		E3FE82B2663ADE6894F327DB /* ProfileSettingsView.swift */ = {isa = PBXFileReference; lastKnownFileType = sourcecode.swift; path = ProfileSettingsView.swift; sourceTree = "<group>"; };
		E465158ABA0236E3E733D0DB /* 7zFile.c */ = {isa = PBXFileReference; lastKnownFileType = sourcecode.c.c; path = 7zFile.c; sourceTree = "<group>"; };
		E517FE7C9A79C0E99662E49A /* BraIA64.c */ = {isa = PBXFileReference; lastKnownFileType = sourcecode.c.c; path = BraIA64.c; sourceTree = "<group>"; };
		E5553014B15168C9AA9791FF /* Info.plist */ = {isa = PBXFileReference; lastKnownFileType = text.plist; path = Info.plist; sourceTree = "<group>"; };
		E702B9DB47C1592FC6A1B103 /* INDSConsolePreferences.swift */ = {isa = PBXFileReference; lastKnownFileType = sourcecode.swift; path = INDSConsolePreferences.swift; sourceTree = "<group>"; };
		E97C9863C3B2A57CED6BEE5A /* ROMStorageManager.swift */ = {isa = PBXFileReference; lastKnownFileType = sourcecode.swift; path = ROMStorageManager.swift; sourceTree = "<group>"; };
		EAA6D5088978BB263540A7A8 /* INDSPerGameProfileStore.swift */ = {isa = PBXFileReference; lastKnownFileType = sourcecode.swift; path = INDSPerGameProfileStore.swift; sourceTree = "<group>"; };
		ECBBEE702CB715FEE662A096 /* INDSGamepadManager.swift */ = {isa = PBXFileReference; lastKnownFileType = sourcecode.swift; path = INDSGamepadManager.swift; sourceTree = "<group>"; };
		ED3F225A5EEE0994D14C26AE /* INDSMPTransport.mm */ = {isa = PBXFileReference; lastKnownFileType = sourcecode.cpp.objcpp; path = INDSMPTransport.mm; sourceTree = "<group>"; };
		F01FC4ACDF0FD77BA556A895 /* INDSScreenshots-Info.plist */ = {isa = PBXFileReference; lastKnownFileType = text.plist; path = "INDSScreenshots-Info.plist"; sourceTree = "<group>"; };
		F1127BEA433B1763B37E5422 /* PurchaseView.swift */ = {isa = PBXFileReference; lastKnownFileType = sourcecode.swift; path = PurchaseView.swift; sourceTree = "<group>"; };
		F2A1493B6F6FCC13277DA166 /* SplashScreenView.swift */ = {isa = PBXFileReference; lastKnownFileType = sourcecode.swift; path = SplashScreenView.swift; sourceTree = "<group>"; };
		F9F8482D02C6F7598A67CE0D /* INDSLayoutEditorView.swift */ = {isa = PBXFileReference; lastKnownFileType = sourcecode.swift; path = INDSLayoutEditorView.swift; sourceTree = "<group>"; };
		FAD05AFAE55CBF5AB70870F2 /* INDSBatterySaverPreferences.swift */ = {isa = PBXFileReference; lastKnownFileType = sourcecode.swift; path = INDSBatterySaverPreferences.swift; sourceTree = "<group>"; };
		FB1C57307F331CA0E3899717 /* NDSHUDView.swift */ = {isa = PBXFileReference; lastKnownFileType = sourcecode.swift; path = NDSHUDView.swift; sourceTree = "<group>"; };
		FC975E99F30A6478407D804D /* BIOSManager.swift */ = {isa = PBXFileReference; lastKnownFileType = sourcecode.swift; path = BIOSManager.swift; sourceTree = "<group>"; };
		FE3A407B35815197407A6DED /* INDSHoneymoon.swift */ = {isa = PBXFileReference; lastKnownFileType = sourcecode.swift; path = INDSHoneymoon.swift; sourceTree = "<group>"; };
/* End PBXFileReference section */

/* Begin PBXFrameworksBuildPhase section */
		05C16B3C81A3E7A4636CAA1B /* Frameworks */ = {
			isa = PBXFrameworksBuildPhase;
			buildActionMask = 2147483647;
			files = (
			);
			runOnlyForDeploymentPostprocessing = 0;
		};
		E500F2F1878A6EA835EBDBD0 /* Frameworks */ = {
			isa = PBXFrameworksBuildPhase;
			buildActionMask = 2147483647;
			files = (
				B237F288461266B7C9722A71 /* AVFoundation.framework in Frameworks */,
				C8C5A853CCA1CBA1A86423F7 /* ReplayKit.framework in Frameworks */,
			);
			runOnlyForDeploymentPostprocessing = 0;
		};
/* End PBXFrameworksBuildPhase section */

/* Begin PBXGroup section */
		0E06B31EA45FBDC522C29801 /* Derived */ = {
			isa = PBXGroup;
			children = (
				681699059911A9CC84974805 /* InfoPlists */,
				47F768B7031BB543C5BB37D7 /* Sources */,
			);
			path = Derived;
			sourceTree = "<group>";
		};
		117ACBF0F706D8E6B5AF8488 /* Emulation */ = {
			isa = PBXGroup;
			children = (
				E849AD9F9AD1EEBA0C393C86 /* PauseMenu */,
				567D81E1C1BE496C8A347266 /* DSDualScreenView.swift */,
				DBF11C643DEBCEA9B266202E /* DSScreenLayout.swift */,
				4FE0176C947E721C4B89E0F9 /* EmulationView.swift */,
				D184CCFAD11337DDD6EDB5D6 /* INDSExternalDisplayController.swift */,
				9B9E4E9A366E85DEDD1503FB /* NDSClipRecorder.swift */,
				3AA49210A86CF7CAD350D5D8 /* NDSDisplayFilter.swift */,
				FB1C57307F331CA0E3899717 /* NDSHUDView.swift */,
				735843C4C8E17E1C9A4F95D1 /* NDSRomViewController.swift */,
				1A463E15BE246EAEF8ABDCE4 /* NDSRomViewWrapper.swift */,
			);
			path = Emulation;
			sourceTree = "<group>";
		};
		12FAD3802119634DE735D656 /* Legal */ = {
			isa = PBXGroup;
			children = (
				A11141D9BAF13505EF53AF5E /* GPLv3.txt */,
				4FF202E13D8BAA3947A37FC2 /* NOTICES.txt */,
				B5F4E073693E71160ED123DC /* THIRD_PARTY.md */,
			);
			path = Legal;
			sourceTree = "<group>";
		};
		1C93FBCF0260209B66AECE5D /* BIOS */ = {
			isa = PBXGroup;
			children = (
				0CB281A6629714C604286E2F /* BIOSSetupView.swift */,
			);
			path = BIOS;
			sourceTree = "<group>";
		};
		22DA04AEF25B1555CE0AFE8A /* Core */ = {
			isa = PBXGroup;
			children = (
				B7219F8FE31A771BB55DFB19 /* INDSMPLoopback.mm */,
				ED3F225A5EEE0994D14C26AE /* INDSMPTransport.mm */,
				32C1EAFD1973E8DC394CBA48 /* MelonDSCoreBridge.mm */,
			);
			path = Core;
			sourceTree = "<group>";
		};
		24ED6719E5C109D72AF7A784 /* Modules */ = {
			isa = PBXGroup;
			children = (
				3963ABD77796AAE689248D4B /* Paywall */,
				C477AC565C472BA023A30C18 /* Settings */,
				C805FEED7F4DF7EA99DF2910 /* Splash */,
				3A36F65A68061C22F7FAF8A4 /* Welcome */,
			);
			path = Modules;
			sourceTree = "<group>";
		};
		3963ABD77796AAE689248D4B /* Paywall */ = {
			isa = PBXGroup;
			children = (
				5E569373EE67A3734E26866C /* ProGateAlert.swift */,
				F1127BEA433B1763B37E5422 /* PurchaseView.swift */,
			);
			path = Paywall;
			sourceTree = "<group>";
		};
		3A36F65A68061C22F7FAF8A4 /* Welcome */ = {
			isa = PBXGroup;
			children = (
				BC8417730C667A846DFE82B3 /* WelcomeView.swift */,
			);
			path = Welcome;
			sourceTree = "<group>";
		};
		47F768B7031BB543C5BB37D7 /* Sources */ = {
			isa = PBXGroup;
			children = (
				D35C709888F71280574511B9 /* TuistAssets+ENDS.swift */,
				33A7976503C72801E12D5B07 /* TuistBundle+ENDS.swift */,
			);
			path = Sources;
			sourceTree = "<group>";
		};
		559905E1F758C1E4A468986C /* Project */ = {
			isa = PBXGroup;
			children = (
				0E06B31EA45FBDC522C29801 /* Derived */,
				6366543CAD91133845242516 /* Targets */,
			);
			name = Project;
			sourceTree = "<group>";
		};
		5824F6BB21FD459CE38F0733 /* Views */ = {
			isa = PBXGroup;
			children = (
				1C93FBCF0260209B66AECE5D /* BIOS */,
				117ACBF0F706D8E6B5AF8488 /* Emulation */,
				C0DB6E52FE08F8E6C3D4036B /* ROMList */,
			);
			path = Views;
			sourceTree = "<group>";
		};
		5BC41A410A70E7AFCA47F656 /* INDSScreenshots */ = {
			isa = PBXGroup;
			children = (
				A1FB81B6B4E3569968180C9B /* ScreenshotTests.swift */,
			);
			path = INDSScreenshots;
			sourceTree = "<group>";
		};
		616404F5E2D4DE27C25FB7B7 /* Sources */ = {
			isa = PBXGroup;
			children = (
				DBC6B8F1DB33317FB8C2F778 /* Application */,
				D7346180AAD47B13F5EF8850 /* Common */,
				22DA04AEF25B1555CE0AFE8A /* Core */,
				BCAF8DF9842C5C3E225DB07C /* Model */,
				24ED6719E5C109D72AF7A784 /* Modules */,
				E1ED6371AD2B647D38AB5527 /* Vendor */,
				5824F6BB21FD459CE38F0733 /* Views */,
			);
			path = Sources;
			sourceTree = "<group>";
		};
		6366543CAD91133845242516 /* Targets */ = {
			isa = PBXGroup;
			children = (
				90C81682E44FEE7B52E7B190 /* INDS */,
				5BC41A410A70E7AFCA47F656 /* INDSScreenshots */,
			);
			path = Targets;
			sourceTree = "<group>";
		};
		651B0672B885DBA8EB217AE9 /* Purchases */ = {
			isa = PBXGroup;
			children = (
				98950CA5D27B39AB88DE84E4 /* EntitlementManager.swift */,
				BE01AC7366341C63635ABDBE /* PurchaseManager.swift */,
				30268FE4D70D96B8CF41C601 /* PurchaseModel.swift */,
				5A8419AE9ABE89601263FE3A /* PurchaseProductDetails.swift */,
			);
			path = Purchases;
			sourceTree = "<group>";
		};
		681699059911A9CC84974805 /* InfoPlists */ = {
			isa = PBXGroup;
			children = (
				F01FC4ACDF0FD77BA556A895 /* INDSScreenshots-Info.plist */,
			);
			path = InfoPlists;
			sourceTree = "<group>";
		};
		800BCE0B7C1A23395F3559AD /* Resources */ = {
			isa = PBXGroup;
			children = (
				12FAD3802119634DE735D656 /* Legal */,
				8EBC2B6BCAE919D63D3BF3FB /* Assets.xcassets */,
				69EED5FB442C79C67F3A2C99 /* InfoPlist.xcstrings */,
				B79114A85DE92146A92D33E8 /* LaunchScreen.storyboard */,
				B789BA70623CD927FED9DB1F /* Localizable.xcstrings */,
				983804A16F3F6D204E8E2666 /* PrivacyInfo.xcprivacy */,
			);
			path = Resources;
			sourceTree = "<group>";
		};
		87111FE1A5A2A6163CB5F82E /* Support */ = {
			isa = PBXGroup;
			children = (
				4FB794617CC7C8E276AF1D9B /* Constants.swift */,
				2D994BD3D0CC29A8C3FB3D6F /* INDSAppearanceStore.swift */,
				55AF19BE6740F2C40E41E8C1 /* INDSAudioPreferences.swift */,
				D17D4BD373B8C7BAE4E63975 /* INDSBackgroundSkinStore.swift */,
				FAD05AFAE55CBF5AB70870F2 /* INDSBatterySaverPreferences.swift */,
				E702B9DB47C1592FC6A1B103 /* INDSConsolePreferences.swift */,
				1B3706BB5B202BDAD36D7642 /* INDSRTCPreferences.swift */,
				49D337D1C81BF653BCDBE43A /* INDSSavingPreferences.swift */,
				832C9E7B82057B4070014001 /* INDSTurboPreferences.swift */,
			);
			path = Support;
			sourceTree = "<group>";
		};
		87EEF885E80DF051602FF6B9 /* Frameworks */ = {
			isa = PBXGroup;
			children = (
				9C6AC301AF51F7752D43F4A3 /* AVFoundation.framework */,
				1364600AC006B7697D61E124 /* ReplayKit.framework */,
			);
			name = Frameworks;
			sourceTree = "<group>";
		};
		90C81682E44FEE7B52E7B190 /* INDS */ = {
			isa = PBXGroup;
			children = (
				800BCE0B7C1A23395F3559AD /* Resources */,
				616404F5E2D4DE27C25FB7B7 /* Sources */,
				C541D334E12764FDF10804A7 /* SupportingFiles */,
			);
			path = INDS;
			sourceTree = "<group>";
		};
		B9958D7FE8F404087D784928 /* minizip */ = {
			isa = PBXGroup;
			children = (
				2999805555B0E26E258294DF /* ioapi.c */,
				CDA5E0F40B465E480ED7B8C5 /* unzip.c */,
			);
			path = minizip;
			sourceTree = "<group>";
		};
		BCAF8DF9842C5C3E225DB07C /* Model */ = {
			isa = PBXGroup;
			children = (
				FC975E99F30A6478407D804D /* BIOSManager.swift */,
				32C0FFF68243287F7F37E105 /* INDSSaveBackup.swift */,
				E12A62F5C9F22C04CE3280B8 /* NDS7zExtractor.swift */,
				30EEA800CC5C65C0F8242B34 /* NDSBanner.swift */,
				CE04371E0A508587EC8BD350 /* NDSCheat.swift */,
				A531BBE90CE99F4EE7E4E667 /* NDSGzExtractor.swift */,
				76E7016BB1B280EC4B4EF169 /* NDSHeader.swift */,
				2A757FCC5A34401D5FA7E158 /* NDSSaveStatePaths.swift */,
				5B79A677DD13EC8EE25DB305 /* NDSZipExtractor.swift */,
				5341F365B8B21AF49BE96BF2 /* ROMFile.swift */,
				713DD5B57D680F322DBF3CCE /* ROMIconStore.swift */,
				E97C9863C3B2A57CED6BEE5A /* ROMStorageManager.swift */,
				3C671B34D75660A6AEE56EB8 /* Sz7zShim.c */,
				33603FF8DD00E3267B32D50D /* ThumbnailManager.swift */,
			);
			path = Model;
			sourceTree = "<group>";
		};
		BF201C0878847E940FDAB34E /* ExternalInput */ = {
			isa = PBXGroup;
			children = (
				98C14F820A6FF3E4C6856995 /* INDSControllerMappingStore.swift */,
				ECBBEE702CB715FEE662A096 /* INDSGamepadManager.swift */,
				17F4D38E6C3CD27C005C5AC0 /* INDSKeyboardManager.swift */,
			);
			path = ExternalInput;
			sourceTree = "<group>";
		};
		C0DB6E52FE08F8E6C3D4036B /* ROMList */ = {
			isa = PBXGroup;
			children = (
				A40D6EB2FD5B26FD67797B60 /* ROMClassicCell.swift */,
				00AE2312801B73F7EE221E73 /* ROMDetailView.swift */,
				AC98B95B098222B202A26D90 /* ROMGridCell.swift */,
				63915A9A489BD4B09B48A302 /* ROMIconView.swift */,
				74336AADBA8EFD1E5EB9EB00 /* ROMListView.swift */,
				12BFD3480A8B6F3479DFB063 /* ROMListViewModel.swift */,
			);
			path = ROMList;
			sourceTree = "<group>";
		};
		C477AC565C472BA023A30C18 /* Settings */ = {
			isa = PBXGroup;
			children = (
				87111FE1A5A2A6163CB5F82E /* Support */,
				C83D949A90A580DED9DB96AA /* AboutSettingsView.swift */,
				0A3BCE58A586A486147D93F9 /* AppearanceSettingsView.swift */,
				694F451CBABBB3B76AB6436A /* AudioSettingsView.swift */,
				91C904010B7AD91405065430 /* BatterySettingsView.swift */,
				AC2ED674FBDC904651E8EA9E /* ButtonMappingView.swift */,
				59C6AF4A1F010932AAE0AA51 /* ControlsSettingsView.swift */,
				B67C81FAB8D94A0F7F7780F8 /* DateTimeSettingsView.swift */,
				66093551E57D7F2366017F2E /* LicensesView.swift */,
				E3FE82B2663ADE6894F327DB /* ProfileSettingsView.swift */,
				8909A1957DA2CE7DD6C24E48 /* SavingSettingsView.swift */,
				DE5A1654FBF63E78AD0A4A90 /* ScreensSettingsView.swift */,
				4DEA93C3FDBA79FF93973F3E /* SettingsView.swift */,
			);
			path = Settings;
			sourceTree = "<group>";
		};
		C541D334E12764FDF10804A7 /* SupportingFiles */ = {
			isa = PBXGroup;
			children = (
				E5553014B15168C9AA9791FF /* Info.plist */,
			);
			path = SupportingFiles;
			sourceTree = "<group>";
		};
		C629D530DEC3167DEE2A4A67 /* lzma */ = {
			isa = PBXGroup;
			children = (
				CD26D49C7D799C6EC6ADA193 /* 7zAlloc.c */,
				44497849F70DBBB6CB1AC685 /* 7zArcIn.c */,
				A2BAB440FAF621E1857D36A6 /* 7zBuf.c */,
				B4B2F616B4DA20E61FFAB807 /* 7zCrc.c */,
				4641BA678622C68C1CF4D729 /* 7zCrcOpt.c */,
				D8040537B258B60012CDFCD7 /* 7zDec.c */,
				E465158ABA0236E3E733D0DB /* 7zFile.c */,
				CAE29EF2985114A2A2637956 /* 7zStream.c */,
				BDACB16860CF2ECC472174B0 /* Bcj2.c */,
				DCDD22163D73BED3D91DA98A /* Bra.c */,
				43BDA80E44199C5D5F771072 /* Bra86.c */,
				E517FE7C9A79C0E99662E49A /* BraIA64.c */,
				BEB5624AA1E29AD0ED68BE75 /* CpuArch.c */,
				A684EB48BA636E4B19D659D2 /* Delta.c */,
				C6773641AFE7D4CDAF9BB347 /* Lzma2Dec.c */,
				1184D5CE5CBBFA375DADE64D /* LzmaDec.c */,
			);
			path = lzma;
			sourceTree = "<group>";
		};
		C805FEED7F4DF7EA99DF2910 /* Splash */ = {
			isa = PBXGroup;
			children = (
				F2A1493B6F6FCC13277DA166 /* SplashScreenView.swift */,
			);
			path = Splash;
			sourceTree = "<group>";
		};
		D7346180AAD47B13F5EF8850 /* Common */ = {
			isa = PBXGroup;
			children = (
				F35D06DCC7C67203FB6F4902 /* Controller */,
				BF201C0878847E940FDAB34E /* ExternalInput */,
				651B0672B885DBA8EB217AE9 /* Purchases */,
				46D8BE41E3A39F7CDAF9019E /* DebugLog.swift */,
				FE3A407B35815197407A6DED /* INDSHoneymoon.swift */,
				A16BBD6076B0776B809C6E9E /* INDSLaunchFlags.swift */,
				7902A93230922C4CF8A04C1A /* INDSMotion.swift */,
				EAA6D5088978BB263540A7A8 /* INDSPerGameProfileStore.swift */,
				CC4835B34D3B09CECA59BB7C /* INDSReviewPrompt.swift */,
				2E55426D1400B9517D4B9755 /* Notification+Names.swift */,
				7C380A3BC39CAD2A1065CC9C /* UTType+NDS.swift */,
			);
			path = Common;
			sourceTree = "<group>";
		};
		DBC6B8F1DB33317FB8C2F778 /* Application */ = {
			isa = PBXGroup;
			children = (
				A991E1D084A864C4E5992455 /* AppDelegate.swift */,
				2479AA705600481AC8E068A6 /* ContentView.swift */,
				6D0BF3C246ADD1320E8093E9 /* eNDSApp.swift */,
			);
			path = Application;
			sourceTree = "<group>";
		};
		E1ED6371AD2B647D38AB5527 /* Vendor */ = {
			isa = PBXGroup;
			children = (
				C629D530DEC3167DEE2A4A67 /* lzma */,
				B9958D7FE8F404087D784928 /* minizip */,
			);
			path = Vendor;
			sourceTree = "<group>";
		};
		E23EF3F183DD3770B688FA47 = {
			isa = PBXGroup;
			children = (
				559905E1F758C1E4A468986C /* Project */,
				87EEF885E80DF051602FF6B9 /* Frameworks */,
				F4941232B911DC1C318ED72C /* Products */,
			);
			sourceTree = "<group>";
		};
		E849AD9F9AD1EEBA0C393C86 /* PauseMenu */ = {
			isa = PBXGroup;
			children = (
				7CED5D6BD8B64A4776064716 /* NDSCheatsView.swift */,
				9E1426594998684043BCF3F3 /* NDSPauseMenuHostingController.swift */,
				A05B67B804AF8364378F0D0C /* NDSPauseMenuView.swift */,
				6AF4B43544BFE7B25FCE44A4 /* NDSSaveStateSlotsView.swift */,
			);
			path = PauseMenu;
			sourceTree = "<group>";
		};
		F35D06DCC7C67203FB6F4902 /* Controller */ = {
			isa = PBXGroup;
			children = (
				B4E6BCDFFB9BA55C5E8E9C0D /* INDSButtonStyle.swift */,
				A1D0F4AF234EC8156F1005DF /* INDSButtonStyleEditorSheet.swift */,
				9BF3E35B4AF0768257272A8C /* INDSControllerLayout.swift */,
				A37EA795881E2A9F9594CF48 /* INDSControllerLayoutManager.swift */,
				A15F4158DDF71AEEA98604CB /* INDSDPadShapeView.swift */,
				1313CF93EAE709E247482B5F /* INDSHaptics.swift */,
				F9F8482D02C6F7598A67CE0D /* INDSLayoutEditorView.swift */,
				BB124E8593E5A3AAB1CF4180 /* INDSLayoutSweep.swift */,
				47FA73DBFA559D00E0B78D2C /* INDSStyledButtonView.swift */,
				C6DCA18030F130D82ADE4548 /* INDSVirtualJoystickView.swift */,
				7B65064657F95120CC6FE300 /* INDSVisualSweep.swift */,
				78B94CC3CA4E14AB95B77C0D /* NDSControllerView.swift */,
			);
			path = Controller;
			sourceTree = "<group>";
		};
		F4941232B911DC1C318ED72C /* Products */ = {
			isa = PBXGroup;
			children = (
				0B2E9E846C1F5E2D0BE567F6 /* eNDS.app */,
				19D1170BD7F7A6E584F98A27 /* INDSScreenshots.xctest */,
			);
			name = Products;
			sourceTree = "<group>";
		};
/* End PBXGroup section */

/* Begin PBXNativeTarget section */
		B3F7D594B8BC6915E9BD0E78 /* eNDS */ = {
			isa = PBXNativeTarget;
			buildConfigurationList = 17D5FDD8294DD2AE4D660D5A /* Build configuration list for PBXNativeTarget "eNDS" */;
			buildPhases = (
				00922842865CE8479E27B5AD /* Sources */,
				644DADCF8C319DE322C7DBCB /* Resources */,
				21124A6B3C8127FD962592A8 /* Embed Frameworks */,
				E500F2F1878A6EA835EBDBD0 /* Frameworks */,
			);
			buildRules = (
			);
			dependencies = (
			);
			name = eNDS;
			productName = eNDS;
			productReference = 0B2E9E846C1F5E2D0BE567F6 /* eNDS.app */;
			productType = "com.apple.product-type.application";
		};
		F96EF72A5F03F1FBD2C675AF /* INDSScreenshots */ = {
			isa = PBXNativeTarget;
			buildConfigurationList = 2A71BEC527A7B7375C390346 /* Build configuration list for PBXNativeTarget "INDSScreenshots" */;
			buildPhases = (
				7F46E7E21EE48605FE96107D /* Sources */,
				066E23549F0B77C0FCEFED35 /* Resources */,
				4CB2D907E56211F2244D7645 /* Embed Frameworks */,
				05C16B3C81A3E7A4636CAA1B /* Frameworks */,
			);
			buildRules = (
			);
			dependencies = (
				4D63903EAC14820CB6014B2A /* PBXTargetDependency */,
			);
			name = INDSScreenshots;
			productName = INDSScreenshots;
			productReference = 19D1170BD7F7A6E584F98A27 /* INDSScreenshots.xctest */;
			productType = "com.apple.product-type.bundle.ui-testing";
		};
/* End PBXNativeTarget section */

/* Begin PBXProject section */
		25DCB86552D9213497C09A73 /* Project object */ = {
			isa = PBXProject;
			attributes = {
				ORGANIZATIONNAME = MLS;
				TargetAttributes = {
					F96EF72A5F03F1FBD2C675AF = {
						TestTargetID = B3F7D594B8BC6915E9BD0E78;
					};
				};
			};
			buildConfigurationList = DDE71745EDF7C7F7C4595592 /* Build configuration list for PBXProject "eNDS" */;
			compatibilityVersion = "Xcode 13.0";
			developmentRegion = en;
			hasScannedForEncodings = 0;
			knownRegions = (
				Base,
				en,
			);
			mainGroup = E23EF3F183DD3770B688FA47;
			productRefGroup = F4941232B911DC1C318ED72C /* Products */;
			projectDirPath = "";
			projectRoot = "";
			targets = (
				B3F7D594B8BC6915E9BD0E78 /* eNDS */,
				F96EF72A5F03F1FBD2C675AF /* INDSScreenshots */,
			);
		};
/* End PBXProject section */

/* Begin PBXResourcesBuildPhase section */
		066E23549F0B77C0FCEFED35 /* Resources */ = {
			isa = PBXResourcesBuildPhase;
			buildActionMask = 2147483647;
			files = (
			);
			runOnlyForDeploymentPostprocessing = 0;
		};
		644DADCF8C319DE322C7DBCB /* Resources */ = {
			isa = PBXResourcesBuildPhase;
			buildActionMask = 2147483647;
			files = (
				FF031F0B6CA360423440F38B /* Assets.xcassets in Resources */,
				F5C2A862773F40D053B5D99D /* InfoPlist.xcstrings in Resources */,
				C0188919BBEB81A154527FAA /* LaunchScreen.storyboard in Resources */,
				85264C5F012C01E964450C72 /* GPLv3.txt in Resources */,
				8DBF4BFC4DE61BF985550F23 /* NOTICES.txt in Resources */,
				0FD3EE37A132F300E131806D /* THIRD_PARTY.md in Resources */,
				8501D2E4230B8227244B33CC /* Localizable.xcstrings in Resources */,
				F3F902CB4DD04E3BF75AC1C7 /* PrivacyInfo.xcprivacy in Resources */,
			);
			runOnlyForDeploymentPostprocessing = 0;
		};
/* End PBXResourcesBuildPhase section */

/* Begin PBXSourcesBuildPhase section */
		00922842865CE8479E27B5AD /* Sources */ = {
			isa = PBXSourcesBuildPhase;
			buildActionMask = 2147483647;
			files = (
				F4FF213E54F2C25609FFEBDD /* TuistAssets+ENDS.swift in Sources */,
				F91F12C15C6A9E0B7D28A39C /* TuistBundle+ENDS.swift in Sources */,
				669D16C6D78FBA89E44FA99F /* AppDelegate.swift in Sources */,
				EC3EDBE4257E367611F184FF /* ContentView.swift in Sources */,
				E2DE0E3575049A1D87DBDF04 /* eNDSApp.swift in Sources */,
				0CBD536C491811904F34EB9F /* INDSButtonStyle.swift in Sources */,
				436EACDB2A7892B696B74D93 /* INDSButtonStyleEditorSheet.swift in Sources */,
				3A099795E239CE85F4370327 /* INDSControllerLayout.swift in Sources */,
				6E815950B0A142F228E374DB /* INDSControllerLayoutManager.swift in Sources */,
				7203C48B084BEBED695BDEF9 /* INDSDPadShapeView.swift in Sources */,
				291E6DFA3565DF954FB15656 /* INDSHaptics.swift in Sources */,
				214E57C446117905DC55A34C /* INDSLayoutEditorView.swift in Sources */,
				735CD9D048FA52CDA463D85C /* INDSLayoutSweep.swift in Sources */,
				00EB51138017D941E571B403 /* INDSStyledButtonView.swift in Sources */,
				7B1E1CBB61109D50A63940EB /* INDSVirtualJoystickView.swift in Sources */,
				FA4A12CBF8A66A00D178CE8F /* INDSVisualSweep.swift in Sources */,
				3D6FB82EF1A333E5C861AA5D /* NDSControllerView.swift in Sources */,
				CD79E23B69E8F5F626B28F42 /* DebugLog.swift in Sources */,
				2917722F9FF00C876BCEFD05 /* INDSControllerMappingStore.swift in Sources */,
				8C815AE8E50E83F08DAE233A /* INDSGamepadManager.swift in Sources */,
				97185BD199CA510DA4CD9E3B /* INDSKeyboardManager.swift in Sources */,
				DFB2E2F7FA097D6820428E50 /* INDSHoneymoon.swift in Sources */,
				2701C1F0A9B6ED6A9676D847 /* INDSLaunchFlags.swift in Sources */,
				4BD9C7FF57E7383860DB7BAD /* INDSMotion.swift in Sources */,
				83F0A97197B8BEAC7431E865 /* INDSPerGameProfileStore.swift in Sources */,
				EBC08725663852E898679092 /* INDSReviewPrompt.swift in Sources */,
				8D6DB4270D99C1BED1AFF0A5 /* Notification+Names.swift in Sources */,
				F26E31472DFED6AE670C6CB5 /* EntitlementManager.swift in Sources */,
				7A2678E8E37D9C3A005F8BA9 /* PurchaseManager.swift in Sources */,
				2D780836C2FC294DA4A5243B /* PurchaseModel.swift in Sources */,
				ADB3476806689E6547BE753B /* PurchaseProductDetails.swift in Sources */,
				D1398182C12DEC80174425FD /* UTType+NDS.swift in Sources */,
				79FD4B0953BCC2FD895C874E /* INDSMPLoopback.mm in Sources */,
				AC60045162E58C9ECAB251C2 /* INDSMPTransport.mm in Sources */,
				DC60AC19B8E9B3E1F6C7AD5B /* MelonDSCoreBridge.mm in Sources */,
				866D03E5363F2629576DC2A8 /* BIOSManager.swift in Sources */,
				1451342316B194B030DE476F /* INDSSaveBackup.swift in Sources */,
				7931CA5BDCA3E80CBC9D48B1 /* NDS7zExtractor.swift in Sources */,
				F621AC947EFA3C4EF1449298 /* NDSBanner.swift in Sources */,
				CAFC795486C5F8E42D5A0049 /* NDSCheat.swift in Sources */,
				43009A216F4446044F37DDBD /* NDSGzExtractor.swift in Sources */,
				938D8A2423FA8CCA7E67E3ED /* NDSHeader.swift in Sources */,
				805E2E8D858FEA502F906660 /* NDSSaveStatePaths.swift in Sources */,
				C7A5E1DE75AE11E83FA64F1B /* NDSZipExtractor.swift in Sources */,
				3FE90FF42DA9227EB7788FA5 /* ROMFile.swift in Sources */,
				14D5D7924C8CBA1EEB6FC7E7 /* ROMIconStore.swift in Sources */,
				3CCBB0C95D9AE10FD70361A9 /* ROMStorageManager.swift in Sources */,
				55892B949B94E49AC5CB9F89 /* Sz7zShim.c in Sources */,
				F61DA6458086F1A05AF9DE14 /* ThumbnailManager.swift in Sources */,
				0367714089D07BB2950DA10D /* ProGateAlert.swift in Sources */,
				E9F4C2A0564C0BB12D50E3F2 /* PurchaseView.swift in Sources */,
				6C1D219A0E653B33A7D64828 /* AboutSettingsView.swift in Sources */,
				951CBA995A5BF2A1918ACCA5 /* AppearanceSettingsView.swift in Sources */,
				EE772FF6DB386ECE13ECF407 /* AudioSettingsView.swift in Sources */,
				DB6098C9A24BEEF6CA8F0195 /* BatterySettingsView.swift in Sources */,
				3D3B0A26D0B02C4A5A220F1F /* ButtonMappingView.swift in Sources */,
				30F969EADB6CDF8F5D0EA452 /* ControlsSettingsView.swift in Sources */,
				D9B0F801F9673CDD43CA29CC /* DateTimeSettingsView.swift in Sources */,
				A7FD93EC1DD923F855AD87C5 /* LicensesView.swift in Sources */,
				8A18C5D209F8DB2485DF3422 /* ProfileSettingsView.swift in Sources */,
				8C058B05EB5A872CA1B7D1E8 /* SavingSettingsView.swift in Sources */,
				9608F0EAFDF1A987E12EFB60 /* ScreensSettingsView.swift in Sources */,
				27E5E1EBA9813FB25B849B49 /* SettingsView.swift in Sources */,
				52D498069F3063FE74554E5F /* Constants.swift in Sources */,
				D0E0DC9C0D4D96AC7A7F77C0 /* INDSAppearanceStore.swift in Sources */,
				19426B550FCCCFE9D3CDB27F /* INDSAudioPreferences.swift in Sources */,
				F87977C63064A7657A1F9D60 /* INDSBackgroundSkinStore.swift in Sources */,
				5353E6DF47A6DF31EBA37F2C /* INDSBatterySaverPreferences.swift in Sources */,
				C255D295ABFF60D2571C01FF /* INDSConsolePreferences.swift in Sources */,
				CBDE78B663229C673670C084 /* INDSRTCPreferences.swift in Sources */,
				A9655D665D23578FAC99F041 /* INDSSavingPreferences.swift in Sources */,
				22B1D937B8B434AFF81888F3 /* INDSTurboPreferences.swift in Sources */,
				BAFEFD231C0D3E3837FA20A0 /* SplashScreenView.swift in Sources */,
				B02B467150A889372451E36C /* WelcomeView.swift in Sources */,
				38E6254E91F50DE3F94B4420 /* 7zAlloc.c in Sources */,
				8FD34C6471E67D87EBDDDF81 /* 7zArcIn.c in Sources */,
				0ABD704090B6C490DFE92A7B /* 7zBuf.c in Sources */,
				A2A9FAED6CDE3FE3EB011110 /* 7zCrc.c in Sources */,
				014BF8198EEABF6225780838 /* 7zCrcOpt.c in Sources */,
				5019F63D36D6E35C60108C83 /* 7zDec.c in Sources */,
				5C181F43F1279BAB2034B2D3 /* 7zFile.c in Sources */,
				AFA7C3A4F52BC8FA3AB9C5EA /* 7zStream.c in Sources */,
				3AE2BA96ABD0AA0349B38390 /* Bcj2.c in Sources */,
				FC6758D8808AE665504E02C3 /* Bra.c in Sources */,
				0D188A982B9012CEC33A1A60 /* Bra86.c in Sources */,
				96EF72713AFF973A4C687E06 /* BraIA64.c in Sources */,
				81DD184AEA2B796D8804ED4E /* CpuArch.c in Sources */,
				DBD7B1D4152ADA397D360F59 /* Delta.c in Sources */,
				71710BF31E7AC520C4699397 /* Lzma2Dec.c in Sources */,
				078BDDFC210C6D1458DB1791 /* LzmaDec.c in Sources */,
				751B7FDBA18FCED2565DA0ED /* ioapi.c in Sources */,
				24EF2321ACC91FAA0E3B9F44 /* unzip.c in Sources */,
				900D59A822F56C2E53B3C24F /* BIOSSetupView.swift in Sources */,
				563283092891F08332158D62 /* DSDualScreenView.swift in Sources */,
				D664FE85EEE0291E6EC13822 /* DSScreenLayout.swift in Sources */,
				56E0DCC07974F2D9A4B8BB82 /* EmulationView.swift in Sources */,
				3BE2C9CA7F82A80484ED1B7D /* INDSExternalDisplayController.swift in Sources */,
				BBD8B89C4F8C5995C498D14E /* NDSClipRecorder.swift in Sources */,
				EF155704CE31A86A541E0B20 /* NDSDisplayFilter.swift in Sources */,
				3793453687AB2CC9240944CC /* NDSHUDView.swift in Sources */,
				4754D21C87E3F2B790AB0C36 /* NDSRomViewController.swift in Sources */,
				7E3715233611CE0332E78840 /* NDSRomViewWrapper.swift in Sources */,
				81BB5FA2CAD3ACA7E6286302 /* NDSCheatsView.swift in Sources */,
				447D3D301F20D68074AF71E6 /* NDSPauseMenuHostingController.swift in Sources */,
				E59DB91FEE81C39126D2A503 /* NDSPauseMenuView.swift in Sources */,
				B6A51518B1575505093E29FF /* NDSSaveStateSlotsView.swift in Sources */,
				80FC19CE8083CED129A04FEC /* ROMClassicCell.swift in Sources */,
				6ED22653E0E51DEEBB2356E4 /* ROMDetailView.swift in Sources */,
				236113C7282633A9A01C17E6 /* ROMGridCell.swift in Sources */,
				2C2C4C6936F9381033E8FDE5 /* ROMIconView.swift in Sources */,
				ED9775610FE620C037F3EBE0 /* ROMListView.swift in Sources */,
				0F1DB859AD024577C66B60C0 /* ROMListViewModel.swift in Sources */,
			);
			runOnlyForDeploymentPostprocessing = 0;
		};
		7F46E7E21EE48605FE96107D /* Sources */ = {
			isa = PBXSourcesBuildPhase;
			buildActionMask = 2147483647;
			files = (
				1EA52A8FFAC48E034AB4AFA5 /* ScreenshotTests.swift in Sources */,
			);
			runOnlyForDeploymentPostprocessing = 0;
		};
/* End PBXSourcesBuildPhase section */

/* Begin PBXTargetDependency section */
		4D63903EAC14820CB6014B2A /* PBXTargetDependency */ = {
			isa = PBXTargetDependency;
			name = eNDS;
			target = B3F7D594B8BC6915E9BD0E78 /* eNDS */;
			targetProxy = 106B31FC95BD78D0CB630835 /* PBXContainerItemProxy */;
		};
/* End PBXTargetDependency section */

/* Begin XCBuildConfiguration section */
		224CEE89C17225901837B792 /* Release */ = {
			isa = XCBuildConfiguration;
			buildSettings = {
				ALWAYS_SEARCH_USER_PATHS = NO;
				CLANG_ANALYZER_LOCALIZABILITY_NONLOCALIZED = YES;
				CLANG_ANALYZER_NONNULL = YES;
				CLANG_ANALYZER_NUMBER_OBJECT_CONVERSION = YES_AGGRESSIVE;
				CLANG_CXX_LANGUAGE_STANDARD = "gnu++14";
				CLANG_CXX_LIBRARY = "libc++";
				CLANG_ENABLE_MODULES = YES;
				CLANG_ENABLE_OBJC_ARC = YES;
				CLANG_ENABLE_OBJC_WEAK = YES;
				CLANG_WARN_BLOCK_CAPTURE_AUTORELEASING = YES;
				CLANG_WARN_BOOL_CONVERSION = YES;
				CLANG_WARN_COMMA = YES;
				CLANG_WARN_CONSTANT_CONVERSION = YES;
				CLANG_WARN_DEPRECATED_OBJC_IMPLEMENTATIONS = YES;
				CLANG_WARN_DIRECT_OBJC_ISA_USAGE = YES_ERROR;
				CLANG_WARN_DOCUMENTATION_COMMENTS = YES;
				CLANG_WARN_EMPTY_BODY = YES;
				CLANG_WARN_ENUM_CONVERSION = YES;
				CLANG_WARN_INFINITE_RECURSION = YES;
				CLANG_WARN_INT_CONVERSION = YES;
				CLANG_WARN_NON_LITERAL_NULL_CONVERSION = YES;
				CLANG_WARN_OBJC_IMPLICIT_RETAIN_SELF = YES;
				CLANG_WARN_OBJC_LITERAL_CONVERSION = YES;
				CLANG_WARN_OBJC_ROOT_CLASS = YES_ERROR;
				CLANG_WARN_QUOTED_INCLUDE_IN_FRAMEWORK_HEADER = YES;
				CLANG_WARN_RANGE_LOOP_ANALYSIS = YES;
				CLANG_WARN_STRICT_PROTOTYPES = YES;
				CLANG_WARN_SUSPICIOUS_MOVE = YES;
				CLANG_WARN_UNGUARDED_AVAILABILITY = YES_AGGRESSIVE;
				CLANG_WARN_UNREACHABLE_CODE = YES;
				CLANG_WARN__DUPLICATE_METHOD_MATCH = YES;
				COPY_PHASE_STRIP = NO;
				DEAD_CODE_STRIPPING = YES;
				DEBUG_INFORMATION_FORMAT = "dwarf-with-dsym";
				ENABLE_NS_ASSERTIONS = NO;
				ENABLE_STRICT_OBJC_MSGSEND = YES;
				GCC_C_LANGUAGE_STANDARD = gnu11;
				GCC_NO_COMMON_BLOCKS = YES;
				GCC_WARN_64_TO_32_BIT_CONVERSION = YES;
				GCC_WARN_ABOUT_RETURN_TYPE = YES_ERROR;
				GCC_WARN_UNDECLARED_SELECTOR = YES;
				GCC_WARN_UNINITIALIZED_AUTOS = YES_AGGRESSIVE;
				GCC_WARN_UNUSED_FUNCTION = YES;
				GCC_WARN_UNUSED_VARIABLE = YES;
				MTL_ENABLE_DEBUG_INFO = NO;
				PRODUCT_NAME = "$(TARGET_NAME)";
				VALIDATE_PRODUCT = YES;
			};
			name = Release;
		};
		8DD2F3B97FFFA93DEDD55CFC /* Debug */ = {
			isa = XCBuildConfiguration;
			buildSettings = {
				CODE_SIGN_IDENTITY = "iPhone Developer";
				DEVELOPMENT_TEAM = CPJ98JGHA8;
				INFOPLIST_FILE = "Derived/InfoPlists/INDSScreenshots-Info.plist";
				IPHONEOS_DEPLOYMENT_TARGET = 17.0;
				LD_RUNPATH_SEARCH_PATHS = (
					"$(inherited)",
					"@executable_path/Frameworks",
					"@loader_path/Frameworks",
				);
				PRODUCT_BUNDLE_IDENTIFIER = com.mls.inds.screenshots;
				PRODUCT_NAME = INDSScreenshots;
				SDKROOT = iphoneos;
				SUPPORTS_MACCATALYST = NO;
				SWIFT_ACTIVE_COMPILATION_CONDITIONS = DEBUG;
				SWIFT_COMPILATION_MODE = singlefile;
				SWIFT_OPTIMIZATION_LEVEL = "-Onone";
				SWIFT_VERSION = 5.0;
				TARGETED_DEVICE_FAMILY = "1,2";
				TEST_TARGET_NAME = eNDS;
			};
			name = Debug;
		};
		BE123C96033C435EC64A878E /* Release */ = {
			isa = XCBuildConfiguration;
			buildSettings = {
				ASSETCATALOG_COMPILER_APPICON_NAME = AppIcon;
				CLANG_CXX_LANGUAGE_STANDARD = "gnu++17";
				CLANG_CXX_LIBRARY = "libc++";
				CODE_SIGN_IDENTITY = "iPhone Developer";
				DEVELOPMENT_TEAM = CPJ98JGHA8;
				ENABLE_PREVIEWS = YES;
				HEADER_SEARCH_PATHS = (
					"$(SRCROOT)/Vendor/melonDS/src",
					"$(SRCROOT)/Vendor/melonDS/src/teakra/include",
					"$(SRCROOT)/Build/melonDS-ios/src",
					"$(SRCROOT)/Build/melonDS-ios-sim/src",
					"$(SRCROOT)/Targets/INDS/Sources/Vendor/lzma",
				);
				INFOPLIST_FILE = Targets/INDS/SupportingFiles/Info.plist;
				IPHONEOS_DEPLOYMENT_TARGET = 17.0;
				LD_RUNPATH_SEARCH_PATHS = (
					"$(inherited)",
					"@executable_path/Frameworks",
				);
				"LIBRARY_SEARCH_PATHS[sdk=iphoneos*]" = (
					"$(SRCROOT)/Build/melonDS-ios/src/$(CONFIGURATION)-iphoneos",
					"$(SRCROOT)/Build/melonDS-ios/src/teakra/src/$(CONFIGURATION)-iphoneos",
				);
				"LIBRARY_SEARCH_PATHS[sdk=iphonesimulator*]" = (
					"$(SRCROOT)/Build/melonDS-ios-sim/src/$(CONFIGURATION)-iphonesimulator",
					"$(SRCROOT)/Build/melonDS-ios-sim/src/teakra/src/$(CONFIGURATION)-iphonesimulator",
				);
				OTHER_LDFLAGS = (
					"$(inherited)",
					"-lcore",
					"-lteakra",
					"-lc++",
					"-lz",
				);
				PRODUCT_BUNDLE_IDENTIFIER = com.mls.inds;
				PRODUCT_NAME = eNDS;
				SDKROOT = iphoneos;
				SUPPORTS_MACCATALYST = NO;
				SWIFT_COMPILATION_MODE = wholemodule;
				SWIFT_OBJC_BRIDGING_HEADER = "Targets/INDS/Sources/eNDS-Bridging-Header.h";
				SWIFT_OPTIMIZATION_LEVEL = "-Owholemodule";
				SWIFT_VERSION = 5.0;
				TARGETED_DEVICE_FAMILY = "1,2";
			};
			name = Release;
		};
		D911AE8E68B8F8C9C40CDEA0 /* Debug */ = {
			isa = XCBuildConfiguration;
			buildSettings = {
				ASSETCATALOG_COMPILER_APPICON_NAME = AppIcon;
				CLANG_CXX_LANGUAGE_STANDARD = "gnu++17";
				CLANG_CXX_LIBRARY = "libc++";
				CODE_SIGN_IDENTITY = "iPhone Developer";
				DEVELOPMENT_TEAM = CPJ98JGHA8;
				ENABLE_PREVIEWS = YES;
				HEADER_SEARCH_PATHS = (
					"$(SRCROOT)/Vendor/melonDS/src",
					"$(SRCROOT)/Vendor/melonDS/src/teakra/include",
					"$(SRCROOT)/Build/melonDS-ios/src",
					"$(SRCROOT)/Build/melonDS-ios-sim/src",
					"$(SRCROOT)/Targets/INDS/Sources/Vendor/lzma",
				);
				INFOPLIST_FILE = Targets/INDS/SupportingFiles/Info.plist;
				IPHONEOS_DEPLOYMENT_TARGET = 17.0;
				LD_RUNPATH_SEARCH_PATHS = (
					"$(inherited)",
					"@executable_path/Frameworks",
				);
				"LIBRARY_SEARCH_PATHS[sdk=iphoneos*]" = (
					"$(SRCROOT)/Build/melonDS-ios/src/$(CONFIGURATION)-iphoneos",
					"$(SRCROOT)/Build/melonDS-ios/src/teakra/src/$(CONFIGURATION)-iphoneos",
				);
				"LIBRARY_SEARCH_PATHS[sdk=iphonesimulator*]" = (
					"$(SRCROOT)/Build/melonDS-ios-sim/src/$(CONFIGURATION)-iphonesimulator",
					"$(SRCROOT)/Build/melonDS-ios-sim/src/teakra/src/$(CONFIGURATION)-iphonesimulator",
				);
				OTHER_LDFLAGS = (
					"$(inherited)",
					"-lcore",
					"-lteakra",
					"-lc++",
					"-lz",
				);
				PRODUCT_BUNDLE_IDENTIFIER = com.mls.inds;
				PRODUCT_NAME = eNDS;
				SDKROOT = iphoneos;
				SUPPORTS_MACCATALYST = NO;
				SWIFT_ACTIVE_COMPILATION_CONDITIONS = DEBUG;
				SWIFT_COMPILATION_MODE = singlefile;
				SWIFT_OBJC_BRIDGING_HEADER = "Targets/INDS/Sources/eNDS-Bridging-Header.h";
				SWIFT_OPTIMIZATION_LEVEL = "-Onone";
				SWIFT_VERSION = 5.0;
				TARGETED_DEVICE_FAMILY = "1,2";
			};
			name = Debug;
		};
		F3960BD069B26D03C77833D6 /* Release */ = {
			isa = XCBuildConfiguration;
			buildSettings = {
				CODE_SIGN_IDENTITY = "iPhone Developer";
				DEVELOPMENT_TEAM = CPJ98JGHA8;
				INFOPLIST_FILE = "Derived/InfoPlists/INDSScreenshots-Info.plist";
				IPHONEOS_DEPLOYMENT_TARGET = 17.0;
				LD_RUNPATH_SEARCH_PATHS = (
					"$(inherited)",
					"@executable_path/Frameworks",
					"@loader_path/Frameworks",
				);
				PRODUCT_BUNDLE_IDENTIFIER = com.mls.inds.screenshots;
				PRODUCT_NAME = INDSScreenshots;
				SDKROOT = iphoneos;
				SUPPORTS_MACCATALYST = NO;
				SWIFT_COMPILATION_MODE = wholemodule;
				SWIFT_OPTIMIZATION_LEVEL = "-Owholemodule";
				SWIFT_VERSION = 5.0;
				TARGETED_DEVICE_FAMILY = "1,2";
				TEST_TARGET_NAME = eNDS;
			};
			name = Release;
		};
		FD2289A0C5138B3A4C04C102 /* Debug */ = {
			isa = XCBuildConfiguration;
			buildSettings = {
				ALWAYS_SEARCH_USER_PATHS = NO;
				CLANG_ANALYZER_LOCALIZABILITY_NONLOCALIZED = YES;
				CLANG_ANALYZER_NONNULL = YES;
				CLANG_ANALYZER_NUMBER_OBJECT_CONVERSION = YES_AGGRESSIVE;
				CLANG_CXX_LANGUAGE_STANDARD = "gnu++14";
				CLANG_CXX_LIBRARY = "libc++";
				CLANG_ENABLE_MODULES = YES;
				CLANG_ENABLE_OBJC_ARC = YES;
				CLANG_ENABLE_OBJC_WEAK = YES;
				CLANG_WARN_BLOCK_CAPTURE_AUTORELEASING = YES;
				CLANG_WARN_BOOL_CONVERSION = YES;
				CLANG_WARN_COMMA = YES;
				CLANG_WARN_CONSTANT_CONVERSION = YES;
				CLANG_WARN_DEPRECATED_OBJC_IMPLEMENTATIONS = YES;
				CLANG_WARN_DIRECT_OBJC_ISA_USAGE = YES_ERROR;
				CLANG_WARN_DOCUMENTATION_COMMENTS = YES;
				CLANG_WARN_EMPTY_BODY = YES;
				CLANG_WARN_ENUM_CONVERSION = YES;
				CLANG_WARN_INFINITE_RECURSION = YES;
				CLANG_WARN_INT_CONVERSION = YES;
				CLANG_WARN_NON_LITERAL_NULL_CONVERSION = YES;
				CLANG_WARN_OBJC_IMPLICIT_RETAIN_SELF = YES;
				CLANG_WARN_OBJC_LITERAL_CONVERSION = YES;
				CLANG_WARN_OBJC_ROOT_CLASS = YES_ERROR;
				CLANG_WARN_QUOTED_INCLUDE_IN_FRAMEWORK_HEADER = YES;
				CLANG_WARN_RANGE_LOOP_ANALYSIS = YES;
				CLANG_WARN_STRICT_PROTOTYPES = YES;
				CLANG_WARN_SUSPICIOUS_MOVE = YES;
				CLANG_WARN_UNGUARDED_AVAILABILITY = YES_AGGRESSIVE;
				CLANG_WARN_UNREACHABLE_CODE = YES;
				CLANG_WARN__DUPLICATE_METHOD_MATCH = YES;
				COPY_PHASE_STRIP = NO;
				DEAD_CODE_STRIPPING = YES;
				DEBUG_INFORMATION_FORMAT = dwarf;
				ENABLE_STRICT_OBJC_MSGSEND = YES;
				ENABLE_TESTABILITY = YES;
				GCC_C_LANGUAGE_STANDARD = gnu11;
				GCC_DYNAMIC_NO_PIC = NO;
				GCC_NO_COMMON_BLOCKS = YES;
				GCC_OPTIMIZATION_LEVEL = 0;
				GCC_PREPROCESSOR_DEFINITIONS = (
					"DEBUG=1",
					"$(inherited)",
				);
				GCC_WARN_64_TO_32_BIT_CONVERSION = YES;
				GCC_WARN_ABOUT_RETURN_TYPE = YES_ERROR;
				GCC_WARN_UNDECLARED_SELECTOR = YES;
				GCC_WARN_UNINITIALIZED_AUTOS = YES_AGGRESSIVE;
				GCC_WARN_UNUSED_FUNCTION = YES;
				GCC_WARN_UNUSED_VARIABLE = YES;
				MTL_ENABLE_DEBUG_INFO = YES;
				ONLY_ACTIVE_ARCH = YES;
				PRODUCT_NAME = "$(TARGET_NAME)";
			};
			name = Debug;
		};
/* End XCBuildConfiguration section */

/* Begin XCConfigurationList section */
		17D5FDD8294DD2AE4D660D5A /* Build configuration list for PBXNativeTarget "eNDS" */ = {
			isa = XCConfigurationList;
			buildConfigurations = (
				D911AE8E68B8F8C9C40CDEA0 /* Debug */,
				BE123C96033C435EC64A878E /* Release */,
			);
			defaultConfigurationIsVisible = 0;
			defaultConfigurationName = Release;
		};
		2A71BEC527A7B7375C390346 /* Build configuration list for PBXNativeTarget "INDSScreenshots" */ = {
			isa = XCConfigurationList;
			buildConfigurations = (
				8DD2F3B97FFFA93DEDD55CFC /* Debug */,
				F3960BD069B26D03C77833D6 /* Release */,
			);
			defaultConfigurationIsVisible = 0;
			defaultConfigurationName = Release;
		};
		DDE71745EDF7C7F7C4595592 /* Build configuration list for PBXProject "eNDS" */ = {
			isa = XCConfigurationList;
			buildConfigurations = (
				FD2289A0C5138B3A4C04C102 /* Debug */,
				224CEE89C17225901837B792 /* Release */,
			);
			defaultConfigurationIsVisible = 0;
			defaultConfigurationName = Release;
		};
/* End XCConfigurationList section */
	};
	rootObject = 25DCB86552D9213497C09A73 /* Project object */;
}
